// !$*UTF8*$!
{
	archiveVersion = 1;
	classes = {
	};
	objectVersion = 46;
	objects = {

/* Begin PBXBuildFile section */
		00000000008063A1000160D3 /* libiPhone-lib.a in Frameworks */ = {isa = PBXBuildFile; fileRef = D8A1C72A0E8063A1000160D3 /* libiPhone-lib.a */; };
		0014471EB77B9E3463432D4B /* Bulk_mscorlib_2.cpp in Sources */ = {isa = PBXBuildFile; fileRef = 7298472FB7EDE2370EF85E7A /* Bulk_mscorlib_2.cpp */; };
		03F528631B447098000F4FB8 /* Il2CppOptions.cpp in Sources */ = {isa = PBXBuildFile; fileRef = 03F528621B447098000F4FB8 /* Il2CppOptions.cpp */; };
		06DD405EBD09201B42208E37 /* Il2CppCompilerCalculateTypeValuesTable.cpp in Sources */ = {isa = PBXBuildFile; fileRef = 7E4B4859A7CEA66987AABE07 /* Il2CppCompilerCalculateTypeValuesTable.cpp */; };
		08B24F76137BFDFA00FBA309 /* iAd.framework in Frameworks */ = {isa = PBXBuildFile; fileRef = 08B24F75137BFDFA00FBA309 /* iAd.framework */; settings = {ATTRIBUTES = (Weak, ); }; };
		0C294095A9A67EB8443B3D34 /* Il2CppGuids.cpp in Sources */ = {isa = PBXBuildFile; fileRef = 69754D2F87B4847155803B37 /* Il2CppGuids.cpp */; };
		0E084A8BB64077B246141A94 /* Bulk_UnityEngine.UI_1.cpp in Sources */ = {isa = PBXBuildFile; fileRef = 38084EFD8136DF76188BA5FB /* Bulk_UnityEngine.UI_1.cpp */; };
		119B4EC28AB76469D6027379 /* Bulk_UnityEngine_1.cpp in Sources */ = {isa = PBXBuildFile; fileRef = 62FC41BCBD1A393303C1748C /* Bulk_UnityEngine_1.cpp */; };
		1859EA9B19214E7B0022C3D3 /* MetalHelper.mm in Sources */ = {isa = PBXBuildFile; fileRef = 1859EA9A19214E7B0022C3D3 /* MetalHelper.mm */; };
		1D60589F0D05DD5A006BFB54 /* Foundation.framework in Frameworks */ = {isa = PBXBuildFile; fileRef = 1D30AB110D05D00D00671497 /* Foundation.framework */; };
		25D14F3DAA49167B8D932877 /* Bulk_mscorlib_0.cpp in Sources */ = {isa = PBXBuildFile; fileRef = C8CC45B3891D00C614DE5A4C /* Bulk_mscorlib_0.cpp */; };
		2A10475DA6E43295F4B5CC4C /* Bulk_Generics_3.cpp in Sources */ = {isa = PBXBuildFile; fileRef = 206E4CE5AC4B3496515626EE /* Bulk_Generics_3.cpp */; };
		315D434F94124012C6B4637A /* Il2CppGenericInstDefinitions.cpp in Sources */ = {isa = PBXBuildFile; fileRef = 1936415A93370EDDCA39369B /* Il2CppGenericInstDefinitions.cpp */; };
		31774643BCBF42713AB59532 /* Bulk_Generics_5.cpp in Sources */ = {isa = PBXBuildFile; fileRef = 54274684A64665E3168B207A /* Bulk_Generics_5.cpp */; };
		3692408DBC180152F7F94CCB /* Bulk_UnityEngine_0.cpp in Sources */ = {isa = PBXBuildFile; fileRef = E0864AE28156226AE1453685 /* Bulk_UnityEngine_0.cpp */; };
		401A4408BF7EFFFFA39D147B /* GenericMethods0.cpp in Sources */ = {isa = PBXBuildFile; fileRef = 2E124CC2B33F34E6368CE4EC /* GenericMethods0.cpp */; };
		47D14BD0A5550FECE31F1995 /* Bulk_mscorlib_7.cpp in Sources */ = {isa = PBXBuildFile; fileRef = 0FC347EAB6257B7726C8C42C /* Bulk_mscorlib_7.cpp */; };
		4A2446A0845B2DE555472051 /* MobileCoreServices.framework in Frameworks */ = {isa = PBXBuildFile; fileRef = AA8C451D9930B1700E81A773 /* MobileCoreServices.framework */; };
		4BD04265A3A8C03524E29590 /* Il2CppMetadataUsage.cpp in Sources */ = {isa = PBXBuildFile; fileRef = E51A41EFB64B75CDC4DA0708 /* Il2CppMetadataUsage.cpp */; };
		4CB743C4A86ABD865C542E2F /* Il2CppCodeRegistration.cpp in Sources */ = {isa = PBXBuildFile; fileRef = D0D8497CB1324EC93DFD0E7A /* Il2CppCodeRegistration.cpp */; };
		4F874521BD627EA6C040AF75 /* UnitySocialNativeWrapper.mm in Sources */ = {isa = PBXBuildFile; fileRef = 055544FA988C45A078E0324D /* UnitySocialNativeWrapper.mm */; };
		50C448D4A2E54B88DA82A8C8 /* Il2CppMarshalingFunctionsTable.cpp in Sources */ = {isa = PBXBuildFile; fileRef = 98C14632B1DD5D61F5657550 /* Il2CppMarshalingFunctionsTable.cpp */; };
		547B4390A0BC9F5C883C84BA /* Il2CppAttributes.cpp in Sources */ = {isa = PBXBuildFile; fileRef = 8E9F4DBEAFFB6687DDB4B94B /* Il2CppAttributes.cpp */; };
		5623C57617FDCB0800090B9E /* Foundation.framework in Frameworks */ = {isa = PBXBuildFile; fileRef = 1D30AB110D05D00D00671497 /* Foundation.framework */; };
		5623C57717FDCB0800090B9E /* UIKit.framework in Frameworks */ = {isa = PBXBuildFile; fileRef = 830B5C100E5ED4C100C7819F /* UIKit.framework */; };
		5623C57D17FDCB0900090B9E = {isa = PBXBuildFile; fileRef = 5623C57B17FDCB0900090B9E /* InfoPlist.strings */; };
		5623C57F17FDCB0900090B9E /* Unity_iPhone_Tests.m in Sources */ = {isa = PBXBuildFile; fileRef = 5623C57E17FDCB0900090B9E /* Unity_iPhone_Tests.m */; };
		5682F4B20F3B34FF007A219C /* MediaPlayer.framework in Frameworks */ = {isa = PBXBuildFile; fileRef = 5682F4B10F3B34FF007A219C /* MediaPlayer.framework */; };
		5692F3DD0FA9D8E500EBA2F1 /* CoreLocation.framework in Frameworks */ = {isa = PBXBuildFile; fileRef = 5692F3DC0FA9D8E500EBA2F1 /* CoreLocation.framework */; };
		56B7959B1442E0F20026B3DD /* CoreGraphics.framework in Frameworks */ = {isa = PBXBuildFile; fileRef = 56B7959A1442E0F20026B3DD /* CoreGraphics.framework */; };
		56B7960F1442E1770026B3DD /* CoreMotion.framework in Frameworks */ = {isa = PBXBuildFile; fileRef = 56B795C11442E1100026B3DD /* CoreMotion.framework */; settings = {ATTRIBUTES = (Weak, ); }; };
		56BCBA390FCF049A0030C3B2 /* SystemConfiguration.framework in Frameworks */ = {isa = PBXBuildFile; fileRef = 56BCBA380FCF049A0030C3B2 /* SystemConfiguration.framework */; };
		56C56C9817D6015200616839 /* Images.xcassets in Resources */ = {isa = PBXBuildFile; fileRef = 56C56C9717D6015100616839 /* Images.xcassets */; };
		56DBF99D15E3CDC9007A4A8D /* iPhone_Sensors.mm in Sources */ = {isa = PBXBuildFile; fileRef = 56DBF99C15E3CDC9007A4A8D /* iPhone_Sensors.mm */; };
		56FD43960ED4745200FE3770 /* CFNetwork.framework in Frameworks */ = {isa = PBXBuildFile; fileRef = 56FD43950ED4745200FE3770 /* CFNetwork.framework */; };
		57BC4E65A15F5629CA76A68B /* Il2CppGenericMethodDefinitions.cpp in Sources */ = {isa = PBXBuildFile; fileRef = 42964F09BE44B2D1C6B1F38A /* Il2CppGenericMethodDefinitions.cpp */; };
		5D184F699295EAC578C3341C /* Il2CppGenericMethodTable.cpp in Sources */ = {isa = PBXBuildFile; fileRef = F3DF41C2BB671CC7B740B87E /* Il2CppGenericMethodTable.cpp */; };
		626A4FF7B11BE0B2CDF18498 /* LaunchScreen-iPhone.xib in Resources */ = {isa = PBXBuildFile; fileRef = 052C440397192AEA17777EA6 /* LaunchScreen-iPhone.xib */; };
		678D40B7811B53BDADC2E80C /* Bulk_System_0.cpp in Sources */ = {isa = PBXBuildFile; fileRef = 657445CDBC1C456B407EF3C3 /* Bulk_System_0.cpp */; };
		7753446B8D03181173A88823 /* Bulk_System.Core_0.cpp in Sources */ = {isa = PBXBuildFile; fileRef = 790145618525BE9E049F456F /* Bulk_System.Core_0.cpp */; };
		7F36C11113C5C673007FBDD9 /* CoreMedia.framework in Frameworks */ = {isa = PBXBuildFile; fileRef = 7F36C10E13C5C673007FBDD9 /* CoreMedia.framework */; };
		7F36C11213C5C673007FBDD9 /* CoreVideo.framework in Frameworks */ = {isa = PBXBuildFile; fileRef = 7F36C10F13C5C673007FBDD9 /* CoreVideo.framework */; };
		7F36C11313C5C673007FBDD9 /* AVFoundation.framework in Frameworks */ = {isa = PBXBuildFile; fileRef = 7F36C11013C5C673007FBDD9 /* AVFoundation.framework */; settings = {ATTRIBUTES = (Weak, ); }; };
		7FB54537A9F406DC18980E91 /* LaunchScreen-iPhoneLandscape.png in Resources */ = {isa = PBXBuildFile; fileRef = 638D473092DDBF3EA2EEFEED /* LaunchScreen-iPhoneLandscape.png */; };
		830B5C110E5ED4C100C7819F /* UIKit.framework in Frameworks */ = {isa = PBXBuildFile; fileRef = 830B5C100E5ED4C100C7819F /* UIKit.framework */; };
		8358D1B80ED1CC3700E3A684 /* AudioToolbox.framework in Frameworks */ = {isa = PBXBuildFile; fileRef = 8358D1B70ED1CC3700E3A684 /* AudioToolbox.framework */; };
		83B256E20E62FEA000468741 /* OpenGLES.framework in Frameworks */ = {isa = PBXBuildFile; fileRef = 83B256E10E62FEA000468741 /* OpenGLES.framework */; };
		83B2570B0E62FF8A00468741 /* QuartzCore.framework in Frameworks */ = {isa = PBXBuildFile; fileRef = 83B2570A0E62FF8A00468741 /* QuartzCore.framework */; };
		83B2574C0E63022200468741 /* OpenAL.framework in Frameworks */ = {isa = PBXBuildFile; fileRef = 83B2574B0E63022200468741 /* OpenAL.framework */; };
		83B2574F0E63025400468741 /* libiconv.2.dylib in Frameworks */ = {isa = PBXBuildFile; fileRef = 83B2574E0E63025400468741 /* libiconv.2.dylib */; };
		85654F838B81E73C76C248A4 /* Il2CppMethodPointerTable.cpp in Sources */ = {isa = PBXBuildFile; fileRef = 05A24748BDAC1FFFBB598422 /* Il2CppMethodPointerTable.cpp */; };
		859048E699AD99E378F1B8C2 /* Il2CppGenericMethodPointerTable.cpp in Sources */ = {isa = PBXBuildFile; fileRef = DB6D45B8A85B87B3A2012FBE /* Il2CppGenericMethodPointerTable.cpp */; };
		86BC4A5E9FBDB409FBD1CB41 /* Bulk_Generics_4.cpp in Sources */ = {isa = PBXBuildFile; fileRef = 451248CE935A55A46AE2C5EB /* Bulk_Generics_4.cpp */; };
		8A07E1061715A5AB000EDC6F /* iAD.mm in Sources */ = {isa = PBXBuildFile; fileRef = 8A07E1051715A5AB000EDC6F /* iAD.mm */; };
		8A0FED491649699200E9727D /* EAGLContextHelper.mm in Sources */ = {isa = PBXBuildFile; fileRef = 8A0FED481649699200E9727D /* EAGLContextHelper.mm */; };
		8A142DC61636943E00DD87CA /* Keyboard.mm in Sources */ = {isa = PBXBuildFile; fileRef = 8A142DC51636943E00DD87CA /* Keyboard.mm */; };
		8A16150C1A8E4362006FA788 /* FullScreenVideoPlayer.mm in Sources */ = {isa = PBXBuildFile; fileRef = 8A16150B1A8E4362006FA788 /* FullScreenVideoPlayer.mm */; };
		8A1FFFAD16512A9000DD0934 /* GlesHelper.mm in Sources */ = {isa = PBXBuildFile; fileRef = 8A1FFFAC16512A9000DD0934 /* GlesHelper.mm */; };
		8A25E6D218D767E20006A227 /* Filesystem.mm in Sources */ = {isa = PBXBuildFile; fileRef = 8A25E6D118D767E20006A227 /* Filesystem.mm */; };
		8A2AA93516E0978D001FB470 /* CMVideoSampling.mm in Sources */ = {isa = PBXBuildFile; fileRef = 8A2AA93416E0978D001FB470 /* CMVideoSampling.mm */; };
		8A367F5B16A6D36F0012ED11 /* CVTextureCache.mm in Sources */ = {isa = PBXBuildFile; fileRef = 8A367F5A16A6D36F0012ED11 /* CVTextureCache.mm */; };
		8A3EDDC81615B7C1001839E9 /* SplashScreen.mm in Sources */ = {isa = PBXBuildFile; fileRef = 8A3EDDC71615B7C1001839E9 /* SplashScreen.mm */; };
		8A4815C117A28E7F003FBFD5 /* UnityAppController+ViewHandling.mm in Sources */ = {isa = PBXBuildFile; fileRef = 8A4815C017A287D2003FBFD5 /* UnityAppController+ViewHandling.mm */; };
		8A5C1492174E662D0006EB36 /* RenderPluginDelegate.mm in Sources */ = {isa = PBXBuildFile; fileRef = 8A5C1491174E662D0006EB36 /* RenderPluginDelegate.mm */; };
		8A5E0B9116849D1800CBB6FE /* DisplayManager.mm in Sources */ = {isa = PBXBuildFile; fileRef = 8A5E0B9016849D1800CBB6FE /* DisplayManager.mm */; };
		8A6137141A10BCA200059EDF /* ObjCRuntime.mm in Sources */ = {isa = PBXBuildFile; fileRef = 8A6137131A10BCA200059EDF /* ObjCRuntime.mm */; };
		8A6720A519EEB905006C92E0 /* InternalProfiler.cpp in Sources */ = {isa = PBXBuildFile; fileRef = 8A6720A319EEB905006C92E0 /* InternalProfiler.cpp */; };
		8A7057D1171EA29600A1332D /* iAD_Scripting.mm in Sources */ = {isa = PBXBuildFile; fileRef = 8A7057D0171EA29600A1332D /* iAD_Scripting.mm */; };
		8A851BA716FB2F6D00E911DB /* UnityView.mm in Sources */ = {isa = PBXBuildFile; fileRef = 8A851BA616FB2F6D00E911DB /* UnityView.mm */; };
		8A851BAA16FB3AD000E911DB /* UnityAppController.mm in Sources */ = {isa = PBXBuildFile; fileRef = 8A851BA916FB3AD000E911DB /* UnityAppController.mm */; };
		8A8D90DA1A274A7800456C4E /* UnityAppController+UnityInterface.mm in Sources */ = {isa = PBXBuildFile; fileRef = 8A8D90D91A274A7800456C4E /* UnityAppController+UnityInterface.mm */; };
		8A9FCB131617295F00C05364 /* ActivityIndicator.mm in Sources */ = {isa = PBXBuildFile; fileRef = 8A9FCB121617295F00C05364 /* ActivityIndicator.mm */; };
		8AA568AE1827DD79004969C7 /* WWWConnection.mm in Sources */ = {isa = PBXBuildFile; fileRef = 8AA568AD1827DD79004969C7 /* WWWConnection.mm */; };
		8AA5D80217ABE9AF007B9910 /* UnityAppController+Rendering.mm in Sources */ = {isa = PBXBuildFile; fileRef = 8AA5D80117ABE9AF007B9910 /* UnityAppController+Rendering.mm */; };
		8AB3CB3E16D390BB00697AD5 /* VideoPlayer.mm in Sources */ = {isa = PBXBuildFile; fileRef = 8AB3CB3D16D390BB00697AD5 /* VideoPlayer.mm */; };
		8AC71EC419E7FBA90027502F /* OrientationSupport.mm in Sources */ = {isa = PBXBuildFile; fileRef = 8AC71EC319E7FBA90027502F /* OrientationSupport.mm */; };
		8AC74A9519B47FEF00019D38 /* AVCapture.mm in Sources */ = {isa = PBXBuildFile; fileRef = 8AC74A9419B47FEF00019D38 /* AVCapture.mm */; };
		8ACB801C177081D4005D0019 /* DeviceSettings.mm in Sources */ = {isa = PBXBuildFile; fileRef = 8ACB801B177081D4005D0019 /* DeviceSettings.mm */; };
		8ADCE38B19C87177006F04F6 /* CameraCapture.mm in Sources */ = {isa = PBXBuildFile; fileRef = 8ADCE38A19C87177006F04F6 /* CameraCapture.mm */; };
		8AF7755D1799329100341121 /* LifeCycleListener.mm in Sources */ = {isa = PBXBuildFile; fileRef = 8A292A9817992CE100409BA4 /* LifeCycleListener.mm */; };
		8AF7756017997D2700341121 /* AppDelegateListener.mm in Sources */ = {isa = PBXBuildFile; fileRef = 8AF7755F17997D1300341121 /* AppDelegateListener.mm */; };
		8B2F40D99AE3ED50BB80118B /* LaunchScreen-iPad.xib in Resources */ = {isa = PBXBuildFile; fileRef = DF3E432AA00A40BE9CFE3E17 /* LaunchScreen-iPad.xib */; };
		8B724D6F86F2532C3E9EB4E2 /* Bulk_mscorlib_5.cpp in Sources */ = {isa = PBXBuildFile; fileRef = B7CA4D6B9ACA9EF7FA0BA707 /* Bulk_mscorlib_5.cpp */; };
		8BBF432AAA9FE1B882F449C0 /* UnityClassRegistration.cpp in Sources */ = {isa = PBXBuildFile; fileRef = 2AE44EEDBDE6010BD6CA1E1D /* UnityClassRegistration.cpp */; };
		96284887AEF4A5B530F6D120 /* Il2CppGenericClassTable.cpp in Sources */ = {isa = PBXBuildFile; fileRef = 217F43DFA632DE8BCACDBCA1 /* Il2CppGenericClassTable.cpp */; };
		974B448B83DE02E40331BB99 /* LaunchScreen-iPhonePortrait.png in Resources */ = {isa = PBXBuildFile; fileRef = D5B2475C9E24C799C130B71B /* LaunchScreen-iPhonePortrait.png */; };
		999475201A7BC3AE00178130 /* UnityAdsUnityWrapper.mm in Sources */ = {isa = PBXBuildFile; fileRef = 9994751F1A7BC3AE00178130 /* UnityAdsUnityWrapper.mm */; };
		9D6D4AFE8648C695DCD41E96 /* Bulk_Assembly-CSharp-firstpass_0.cpp in Sources */ = {isa = PBXBuildFile; fileRef = 639C4AB49B755414BA939399 /* Bulk_Assembly-CSharp-firstpass_0.cpp */; };
		9EFF449FAFE7EBD5CAECF6EB /* Bulk_mscorlib_4.cpp in Sources */ = {isa = PBXBuildFile; fileRef = C7DB438988CC833482741328 /* Bulk_mscorlib_4.cpp */; };
		A149422C9E06D1E512675EA0 /* Bulk_UnityEngine.UI_0.cpp in Sources */ = {isa = PBXBuildFile; fileRef = 1106457487ED7B54478F5FD3 /* Bulk_UnityEngine.UI_0.cpp */; };
		A47A4D1EBC406D8C300A8782 /* Bulk_mscorlib_1.cpp in Sources */ = {isa = PBXBuildFile; fileRef = E5E74D56ABDF6EC2C48620CA /* Bulk_mscorlib_1.cpp */; };
		A5194296872A7721D9B2F1D1 /* Bulk_Mono.Security_0.cpp in Sources */ = {isa = PBXBuildFile; fileRef = 1F594842A02262C373D2009F /* Bulk_Mono.Security_0.cpp */; };
		A64544319B65B18304B6A2F4 /* JavaScriptCore.framework in Frameworks */ = {isa = PBXBuildFile; fileRef = 38E14CCCB87C851C6F6DFAAF /* JavaScriptCore.framework */; };
		A67A40FFABA4F00B508461A7 /* Bulk_Generics_2.cpp in Sources */ = {isa = PBXBuildFile; fileRef = 19FA4C7FA77C9AB8BEDC6BF7 /* Bulk_Generics_2.cpp */; };
		AA31BF971B55660D0013FB1B /* Data in Resources */ = {isa = PBXBuildFile; fileRef = AA31BF961B55660D0013FB1B /* Data */; };
		AA5D99871AFAD3C800B27605 /* CoreText.framework in Frameworks */ = {isa = PBXBuildFile; fileRef = AA5D99861AFAD3C800B27605 /* CoreText.framework */; };
		AA6C5DF91A13842A0030E49A = {isa = PBXBuildFile; fileRef = AA6C5DF71A13842A0030E49A /* LaunchScreenImage-Landscape.png */; };
		AA6C5DFA1A13842A0030E49A = {isa = PBXBuildFile; fileRef = AA6C5DF81A13842A0030E49A /* LaunchScreenImage-Portrait.png */; };
		AA8F4B691BD917A10024E7E3 /* UnityViewControllerBaseiOS.mm in Sources */ = {isa = PBXBuildFile; fileRef = AA8F4B661BD917A10024E7E3 /* UnityViewControllerBaseiOS.mm */; };
		AA8F4B6A1BD917A10024E7E3 /* UnityViewControllerBaseTV.mm in Sources */ = {isa = PBXBuildFile; fileRef = AA8F4B681BD917A10024E7E3 /* UnityViewControllerBaseTV.mm */; };
		AAC3E38D1A68945900F6174A /* RegisterFeatures.cpp in Sources */ = {isa = PBXBuildFile; fileRef = AAC3E38B1A68945900F6174A /* RegisterFeatures.cpp */; };
		AAFE69D219F187C200638316 /* UnityViewControllerListener.mm in Sources */ = {isa = PBXBuildFile; fileRef = AAFE69D119F187C200638316 /* UnityViewControllerListener.mm */; };
		ABF14E14AA73E4BF1AB2E8DF /* Bulk_Generics_0.cpp in Sources */ = {isa = PBXBuildFile; fileRef = C0E34CA9A58000E22F18BEC8 /* Bulk_Generics_0.cpp */; };
		AD624C9CB2E94447D2F07BC4 /* Il2CppDelegateWrappersManagedToNativeTable.cpp in Sources */ = {isa = PBXBuildFile; fileRef = 6AE84FDD8A968457B58C5350 /* Il2CppDelegateWrappersManagedToNativeTable.cpp */; };
		B41B4F9290FF69D538FFCD05 /* Bulk_Generics_6.cpp in Sources */ = {isa = PBXBuildFile; fileRef = 21A240D094A08B3F43F486C2 /* Bulk_Generics_6.cpp */; };
		C2184370B96F1FCD137006F2 /* Bulk_System_1.cpp in Sources */ = {isa = PBXBuildFile; fileRef = 00C94B12B04F7992EEE0224C /* Bulk_System_1.cpp */; };
		C6E8400089E76797A56828D1 /* Il2CppTypeDefinitions.cpp in Sources */ = {isa = PBXBuildFile; fileRef = AFCC4FF5AF0186C387CD96CD /* Il2CppTypeDefinitions.cpp */; };
		C9064467A38963B612559983 /* LaunchScreen-iPad.png in Resources */ = {isa = PBXBuildFile; fileRef = B8AA4D36810EFCEE60C32E6B /* LaunchScreen-iPad.png */; };
		CA9B421DAE1785731D382B96 /* Il2CppMetadataRegistration.cpp in Sources */ = {isa = PBXBuildFile; fileRef = 469945778DD0BF868A91F22A /* Il2CppMetadataRegistration.cpp */; };
		CC5547E4821ED4D7D80C4D65 /* libUnitySocialUI.a in Frameworks */ = {isa = PBXBuildFile; fileRef = 7F384F88A6492095763F0B90 /* libUnitySocialUI.a */; };
		CD75412887F8E6432509876C /* Bulk_mscorlib_6.cpp in Sources */ = {isa = PBXBuildFile; fileRef = EA084C29AA9F2F767A7966BF /* Bulk_mscorlib_6.cpp */; };
		D69D489289C4A6046ED700FC /* Bulk_Assembly-CSharp_0.cpp in Sources */ = {isa = PBXBuildFile; fileRef = 0D6647D8AFC165592FB0E2A9 /* Bulk_Assembly-CSharp_0.cpp */; };
		D82DCFC30E8000A5005D6AD8 /* main.mm in Sources */ = {isa = PBXBuildFile; fileRef = D82DCFBB0E8000A5005D6AD8 /* main.mm */; };
		D8A1C7280E80637F000160D3 /* RegisterMonoModules.cpp in Sources */ = {isa = PBXBuildFile; fileRef = D8A1C7240E80637F000160D3 /* RegisterMonoModules.cpp */; };
		D90844829244319ABC9AA52A /* Bulk_Generics_1.cpp in Sources */ = {isa = PBXBuildFile; fileRef = 6ABA4228A8AB95914AB08C63 /* Bulk_Generics_1.cpp */; };
		DE4C495F980E0A12D9A2D9E2 /* Bulk_Mono.Security_1.cpp in Sources */ = {isa = PBXBuildFile; fileRef = F44245168C3FB243ECB0C475 /* Bulk_Mono.Security_1.cpp */; };
		F20649A1AEFAF554E5BB8B16 /* Bulk_mscorlib_3.cpp in Sources */ = {isa = PBXBuildFile; fileRef = 582D44E58CB6692A95154B5E /* Bulk_mscorlib_3.cpp */; };
		F3554DFB89B784FAE485DF58 /* Il2CppInvokerTable.cpp in Sources */ = {isa = PBXBuildFile; fileRef = 9E824D619E298F1CCD09AD02 /* Il2CppInvokerTable.cpp */; };
		F93D40FABFEC94D0619B8C50 /* Bulk_UnityEngine_2.cpp in Sources */ = {isa = PBXBuildFile; fileRef = 3BF24E1BBCA2A2CA4D2EE1CD /* Bulk_UnityEngine_2.cpp */; };
		F9F144E9ACFA119875378CF5 /* UnityICallRegistration.cpp in Sources */ = {isa = PBXBuildFile; fileRef = 73554C3582CF0425645FCDDE /* UnityICallRegistration.cpp */; };
		FA2646B19FBE203249C19F0C /* Security.framework in Frameworks */ = {isa = PBXBuildFile; fileRef = A4D44C0584E1F4E0FAA8AFAB /* Security.framework */; };
		FC0B20A21B7A4F0B00FDFC55 /* OnDemandResources.mm in Sources */ = {isa = PBXBuildFile; fileRef = FC0B20A11B7A4F0B00FDFC55 /* OnDemandResources.mm */; };
		FC85CCBB16C3ED8000BAF7C7 /* CrashReporter.mm in Sources */ = {isa = PBXBuildFile; fileRef = FC85CCB916C3ED8000BAF7C7 /* CrashReporter.mm */; };
/* End PBXBuildFile section */

/* Begin PBXContainerItemProxy section */
		5623C58117FDCB0900090B9E /* PBXContainerItemProxy */ = {
			isa = PBXContainerItemProxy;
			containerPortal = 29B97313FDCFA39411CA2CEA /* Project object */;
			proxyType = 1;
			remoteGlobalIDString = 1D6058900D05DD3D006BFB54;
			remoteInfo = "Unity-iPhone";
		};
/* End PBXContainerItemProxy section */

/* Begin PBXCopyFilesBuildPhase section */
		83D0C1FD0E6C8D7700EBCE5D /* CopyFiles */ = {
			isa = PBXCopyFilesBuildPhase;
			buildActionMask = 2147483647;
			dstPath = "";
			dstSubfolderSpec = 0;
			files = (
			);
			runOnlyForDeploymentPostprocessing = 0;
		};
/* End PBXCopyFilesBuildPhase section */

/* Begin PBXFileReference section */
		00C94B12B04F7992EEE0224C /* Bulk_System_1.cpp */ = {isa = PBXFileReference; lastKnownFileType = sourcecode.cpp.cpp; name = Bulk_System_1.cpp; path = Classes/Native/Bulk_System_1.cpp; sourceTree = SOURCE_ROOT; };
		03F528621B447098000F4FB8 /* Il2CppOptions.cpp */ = {isa = PBXFileReference; fileEncoding = 4; lastKnownFileType = sourcecode.cpp.cpp; path = Il2CppOptions.cpp; sourceTree = "<group>"; };
		052C440397192AEA17777EA6 /* LaunchScreen-iPhone.xib */ = {isa = PBXFileReference; lastKnownFileType = file.xib; path = "LaunchScreen-iPhone.xib"; sourceTree = SOURCE_ROOT; };
		055544FA988C45A078E0324D /* UnitySocialNativeWrapper.mm */ = {isa = PBXFileReference; lastKnownFileType = sourcecode.cpp.objcpp; name = UnitySocialNativeWrapper.mm; path = /Users/michaelmiettinen/Desktop/TrainingDayProjects/Labyrint/labyball/UnitySocial/UnitySocialNativeWrapper.mm; sourceTree = SOURCE_ROOT; };
		05A24748BDAC1FFFBB598422 /* Il2CppMethodPointerTable.cpp */ = {isa = PBXFileReference; lastKnownFileType = sourcecode.cpp.cpp; name = Il2CppMethodPointerTable.cpp; path = Classes/Native/Il2CppMethodPointerTable.cpp; sourceTree = SOURCE_ROOT; };
		08B24F75137BFDFA00FBA309 /* iAd.framework */ = {isa = PBXFileReference; lastKnownFileType = wrapper.framework; name = iAd.framework; path = System/Library/Frameworks/iAd.framework; sourceTree = SDKROOT; };
		0D6647D8AFC165592FB0E2A9 /* Bulk_Assembly-CSharp_0.cpp */ = {isa = PBXFileReference; lastKnownFileType = sourcecode.cpp.cpp; name = "Bulk_Assembly-CSharp_0.cpp"; path = "Classes/Native/Bulk_Assembly-CSharp_0.cpp"; sourceTree = SOURCE_ROOT; };
		0FC347EAB6257B7726C8C42C /* Bulk_mscorlib_7.cpp */ = {isa = PBXFileReference; lastKnownFileType = sourcecode.cpp.cpp; name = Bulk_mscorlib_7.cpp; path = Classes/Native/Bulk_mscorlib_7.cpp; sourceTree = SOURCE_ROOT; };
		1106457487ED7B54478F5FD3 /* Bulk_UnityEngine.UI_0.cpp */ = {isa = PBXFileReference; lastKnownFileType = sourcecode.cpp.cpp; name = Bulk_UnityEngine.UI_0.cpp; path = Classes/Native/Bulk_UnityEngine.UI_0.cpp; sourceTree = SOURCE_ROOT; };
		1859EA9A19214E7B0022C3D3 /* MetalHelper.mm */ = {isa = PBXFileReference; fileEncoding = 4; lastKnownFileType = sourcecode.cpp.objcpp; path = MetalHelper.mm; sourceTree = "<group>"; };
		1936415A93370EDDCA39369B /* Il2CppGenericInstDefinitions.cpp */ = {isa = PBXFileReference; lastKnownFileType = sourcecode.cpp.cpp; name = Il2CppGenericInstDefinitions.cpp; path = Classes/Native/Il2CppGenericInstDefinitions.cpp; sourceTree = SOURCE_ROOT; };
		19FA4C7FA77C9AB8BEDC6BF7 /* Bulk_Generics_2.cpp */ = {isa = PBXFileReference; lastKnownFileType = sourcecode.cpp.cpp; name = Bulk_Generics_2.cpp; path = Classes/Native/Bulk_Generics_2.cpp; sourceTree = SOURCE_ROOT; };
		1D30AB110D05D00D00671497 /* Foundation.framework */ = {isa = PBXFileReference; lastKnownFileType = wrapper.framework; name = Foundation.framework; path = System/Library/Frameworks/Foundation.framework; sourceTree = SDKROOT; };
		1D6058910D05DD3D006BFB54 /* Unity-Target-New.app */ = {isa = PBXFileReference; explicitFileType = wrapper.application; includeInIndex = 0; path = "Unity-Target-New.app"; sourceTree = BUILT_PRODUCTS_DIR; };
		1F594842A02262C373D2009F /* Bulk_Mono.Security_0.cpp */ = {isa = PBXFileReference; lastKnownFileType = sourcecode.cpp.cpp; name = Bulk_Mono.Security_0.cpp; path = Classes/Native/Bulk_Mono.Security_0.cpp; sourceTree = SOURCE_ROOT; };
		206E4CE5AC4B3496515626EE /* Bulk_Generics_3.cpp */ = {isa = PBXFileReference; lastKnownFileType = sourcecode.cpp.cpp; name = Bulk_Generics_3.cpp; path = Classes/Native/Bulk_Generics_3.cpp; sourceTree = SOURCE_ROOT; };
		217F43DFA632DE8BCACDBCA1 /* Il2CppGenericClassTable.cpp */ = {isa = PBXFileReference; lastKnownFileType = sourcecode.cpp.cpp; name = Il2CppGenericClassTable.cpp; path = Classes/Native/Il2CppGenericClassTable.cpp; sourceTree = SOURCE_ROOT; };
		21A240D094A08B3F43F486C2 /* Bulk_Generics_6.cpp */ = {isa = PBXFileReference; lastKnownFileType = sourcecode.cpp.cpp; name = Bulk_Generics_6.cpp; path = Classes/Native/Bulk_Generics_6.cpp; sourceTree = SOURCE_ROOT; };
		2AE44EEDBDE6010BD6CA1E1D /* UnityClassRegistration.cpp */ = {isa = PBXFileReference; lastKnownFileType = sourcecode.cpp.cpp; name = UnityClassRegistration.cpp; path = Classes/Native/UnityClassRegistration.cpp; sourceTree = SOURCE_ROOT; };
		2E124CC2B33F34E6368CE4EC /* GenericMethods0.cpp */ = {isa = PBXFileReference; lastKnownFileType = sourcecode.cpp.cpp; name = GenericMethods0.cpp; path = Classes/Native/GenericMethods0.cpp; sourceTree = SOURCE_ROOT; };
		38084EFD8136DF76188BA5FB /* Bulk_UnityEngine.UI_1.cpp */ = {isa = PBXFileReference; lastKnownFileType = sourcecode.cpp.cpp; name = Bulk_UnityEngine.UI_1.cpp; path = Classes/Native/Bulk_UnityEngine.UI_1.cpp; sourceTree = SOURCE_ROOT; };
		38E14CCCB87C851C6F6DFAAF /* JavaScriptCore.framework */ = {isa = PBXFileReference; lastKnownFileType = wrapper.framework; name = JavaScriptCore.framework; path = System/Library/Frameworks/JavaScriptCore.framework; sourceTree = SDKROOT; };
		3BF24E1BBCA2A2CA4D2EE1CD /* Bulk_UnityEngine_2.cpp */ = {isa = PBXFileReference; lastKnownFileType = sourcecode.cpp.cpp; name = Bulk_UnityEngine_2.cpp; path = Classes/Native/Bulk_UnityEngine_2.cpp; sourceTree = SOURCE_ROOT; };
		42964F09BE44B2D1C6B1F38A /* Il2CppGenericMethodDefinitions.cpp */ = {isa = PBXFileReference; lastKnownFileType = sourcecode.cpp.cpp; name = Il2CppGenericMethodDefinitions.cpp; path = Classes/Native/Il2CppGenericMethodDefinitions.cpp; sourceTree = SOURCE_ROOT; };
		451248CE935A55A46AE2C5EB /* Bulk_Generics_4.cpp */ = {isa = PBXFileReference; lastKnownFileType = sourcecode.cpp.cpp; name = Bulk_Generics_4.cpp; path = Classes/Native/Bulk_Generics_4.cpp; sourceTree = SOURCE_ROOT; };
		469945778DD0BF868A91F22A /* Il2CppMetadataRegistration.cpp */ = {isa = PBXFileReference; lastKnownFileType = sourcecode.cpp.cpp; name = Il2CppMetadataRegistration.cpp; path = Classes/Native/Il2CppMetadataRegistration.cpp; sourceTree = SOURCE_ROOT; };
		54274684A64665E3168B207A /* Bulk_Generics_5.cpp */ = {isa = PBXFileReference; lastKnownFileType = sourcecode.cpp.cpp; name = Bulk_Generics_5.cpp; path = Classes/Native/Bulk_Generics_5.cpp; sourceTree = SOURCE_ROOT; };
		5623C57317FDCB0800090B9E /* Unity-iPhone Tests.xctest */ = {isa = PBXFileReference; explicitFileType = wrapper.cfbundle; includeInIndex = 0; path = "Unity-iPhone Tests.xctest"; sourceTree = BUILT_PRODUCTS_DIR; };
		5623C57A17FDCB0900090B9E /* Unity-iPhone Tests-Info.plist */ = {isa = PBXFileReference; lastKnownFileType = text.plist.xml; path = "Unity-iPhone Tests-Info.plist"; sourceTree = "<group>"; };
		5623C57C17FDCB0900090B9E /* en */ = {isa = PBXFileReference; lastKnownFileType = text.plist.strings; name = en; path = en.lproj/InfoPlist.strings; sourceTree = "<group>"; };
		5623C57E17FDCB0900090B9E /* Unity_iPhone_Tests.m */ = {isa = PBXFileReference; lastKnownFileType = sourcecode.c.objc; path = Unity_iPhone_Tests.m; sourceTree = "<group>"; };
		5623C58017FDCB0900090B9E /* Unity-iPhone Tests-Prefix.pch */ = {isa = PBXFileReference; lastKnownFileType = sourcecode.c.h; path = "Unity-iPhone Tests-Prefix.pch"; sourceTree = "<group>"; };
		5682F4B10F3B34FF007A219C /* MediaPlayer.framework */ = {isa = PBXFileReference; lastKnownFileType = wrapper.framework; name = MediaPlayer.framework; path = System/Library/Frameworks/MediaPlayer.framework; sourceTree = SDKROOT; };
		5692F3DC0FA9D8E500EBA2F1 /* CoreLocation.framework */ = {isa = PBXFileReference; lastKnownFileType = wrapper.framework; name = CoreLocation.framework; path = System/Library/Frameworks/CoreLocation.framework; sourceTree = SDKROOT; };
		56B7959A1442E0F20026B3DD /* CoreGraphics.framework */ = {isa = PBXFileReference; lastKnownFileType = wrapper.framework; name = CoreGraphics.framework; path = System/Library/Frameworks/CoreGraphics.framework; sourceTree = SDKROOT; };
		56B795C11442E1100026B3DD /* CoreMotion.framework */ = {isa = PBXFileReference; lastKnownFileType = wrapper.framework; name = CoreMotion.framework; path = System/Library/Frameworks/CoreMotion.framework; sourceTree = SDKROOT; };
		56BCBA380FCF049A0030C3B2 /* SystemConfiguration.framework */ = {isa = PBXFileReference; lastKnownFileType = wrapper.framework; name = SystemConfiguration.framework; path = System/Library/Frameworks/SystemConfiguration.framework; sourceTree = SDKROOT; };
		56C56C9717D6015100616839 /* Images.xcassets */ = {isa = PBXFileReference; lastKnownFileType = folder.assetcatalog; name = Images.xcassets; path = "Unity-iPhone/Images.xcassets"; sourceTree = "<group>"; };
		56DBF99C15E3CDC9007A4A8D /* iPhone_Sensors.mm */ = {isa = PBXFileReference; fileEncoding = 4; lastKnownFileType = sourcecode.cpp.objcpp; path = iPhone_Sensors.mm; sourceTree = "<group>"; };
		56DBF99E15E3CE85007A4A8D /* iPhone_Sensors.h */ = {isa = PBXFileReference; fileEncoding = 4; lastKnownFileType = sourcecode.c.h; path = iPhone_Sensors.h; sourceTree = "<group>"; };
		56FD43950ED4745200FE3770 /* CFNetwork.framework */ = {isa = PBXFileReference; lastKnownFileType = wrapper.framework; name = CFNetwork.framework; path = System/Library/Frameworks/CFNetwork.framework; sourceTree = SDKROOT; };
		582D44E58CB6692A95154B5E /* Bulk_mscorlib_3.cpp */ = {isa = PBXFileReference; lastKnownFileType = sourcecode.cpp.cpp; name = Bulk_mscorlib_3.cpp; path = Classes/Native/Bulk_mscorlib_3.cpp; sourceTree = SOURCE_ROOT; };
		62FC41BCBD1A393303C1748C /* Bulk_UnityEngine_1.cpp */ = {isa = PBXFileReference; lastKnownFileType = sourcecode.cpp.cpp; name = Bulk_UnityEngine_1.cpp; path = Classes/Native/Bulk_UnityEngine_1.cpp; sourceTree = SOURCE_ROOT; };
		638D473092DDBF3EA2EEFEED /* LaunchScreen-iPhoneLandscape.png */ = {isa = PBXFileReference; lastKnownFileType = image.png; path = "LaunchScreen-iPhoneLandscape.png"; sourceTree = SOURCE_ROOT; };
		639C4AB49B755414BA939399 /* Bulk_Assembly-CSharp-firstpass_0.cpp */ = {isa = PBXFileReference; lastKnownFileType = sourcecode.cpp.cpp; name = "Bulk_Assembly-CSharp-firstpass_0.cpp"; path = "Classes/Native/Bulk_Assembly-CSharp-firstpass_0.cpp"; sourceTree = SOURCE_ROOT; };
		657445CDBC1C456B407EF3C3 /* Bulk_System_0.cpp */ = {isa = PBXFileReference; lastKnownFileType = sourcecode.cpp.cpp; name = Bulk_System_0.cpp; path = Classes/Native/Bulk_System_0.cpp; sourceTree = SOURCE_ROOT; };
		69754D2F87B4847155803B37 /* Il2CppGuids.cpp */ = {isa = PBXFileReference; lastKnownFileType = sourcecode.cpp.cpp; name = Il2CppGuids.cpp; path = Classes/Native/Il2CppGuids.cpp; sourceTree = SOURCE_ROOT; };
		6ABA4228A8AB95914AB08C63 /* Bulk_Generics_1.cpp */ = {isa = PBXFileReference; lastKnownFileType = sourcecode.cpp.cpp; name = Bulk_Generics_1.cpp; path = Classes/Native/Bulk_Generics_1.cpp; sourceTree = SOURCE_ROOT; };
		6AE84FDD8A968457B58C5350 /* Il2CppDelegateWrappersManagedToNativeTable.cpp */ = {isa = PBXFileReference; lastKnownFileType = sourcecode.cpp.cpp; name = Il2CppDelegateWrappersManagedToNativeTable.cpp; path = Classes/Native/Il2CppDelegateWrappersManagedToNativeTable.cpp; sourceTree = SOURCE_ROOT; };
		7298472FB7EDE2370EF85E7A /* Bulk_mscorlib_2.cpp */ = {isa = PBXFileReference; lastKnownFileType = sourcecode.cpp.cpp; name = Bulk_mscorlib_2.cpp; path = Classes/Native/Bulk_mscorlib_2.cpp; sourceTree = SOURCE_ROOT; };
		73554C3582CF0425645FCDDE /* UnityICallRegistration.cpp */ = {isa = PBXFileReference; lastKnownFileType = sourcecode.cpp.cpp; name = UnityICallRegistration.cpp; path = Classes/Native/UnityICallRegistration.cpp; sourceTree = SOURCE_ROOT; };
		790145618525BE9E049F456F /* Bulk_System.Core_0.cpp */ = {isa = PBXFileReference; lastKnownFileType = sourcecode.cpp.cpp; name = Bulk_System.Core_0.cpp; path = Classes/Native/Bulk_System.Core_0.cpp; sourceTree = SOURCE_ROOT; };
		7E4B4859A7CEA66987AABE07 /* Il2CppCompilerCalculateTypeValuesTable.cpp */ = {isa = PBXFileReference; lastKnownFileType = sourcecode.cpp.cpp; name = Il2CppCompilerCalculateTypeValuesTable.cpp; path = Classes/Native/Il2CppCompilerCalculateTypeValuesTable.cpp; sourceTree = SOURCE_ROOT; };
		7F36C10E13C5C673007FBDD9 /* CoreMedia.framework */ = {isa = PBXFileReference; lastKnownFileType = wrapper.framework; name = CoreMedia.framework; path = System/Library/Frameworks/CoreMedia.framework; sourceTree = SDKROOT; };
		7F36C10F13C5C673007FBDD9 /* CoreVideo.framework */ = {isa = PBXFileReference; lastKnownFileType = wrapper.framework; name = CoreVideo.framework; path = System/Library/Frameworks/CoreVideo.framework; sourceTree = SDKROOT; };
		7F36C11013C5C673007FBDD9 /* AVFoundation.framework */ = {isa = PBXFileReference; lastKnownFileType = wrapper.framework; name = AVFoundation.framework; path = System/Library/Frameworks/AVFoundation.framework; sourceTree = SDKROOT; };
		7F384F88A6492095763F0B90 /* libUnitySocialUI.a */ = {isa = PBXFileReference; lastKnownFileType = archive.ar; name = libUnitySocialUI.a; path = /Users/michaelmiettinen/Desktop/TrainingDayProjects/Labyrint/labyball/UnitySocial/libUnitySocialUI.a; sourceTree = SOURCE_ROOT; };
		830B5C100E5ED4C100C7819F /* UIKit.framework */ = {isa = PBXFileReference; lastKnownFileType = wrapper.framework; name = UIKit.framework; path = System/Library/Frameworks/UIKit.framework; sourceTree = SDKROOT; };
		8358D1B70ED1CC3700E3A684 /* AudioToolbox.framework */ = {isa = PBXFileReference; lastKnownFileType = wrapper.framework; name = AudioToolbox.framework; path = System/Library/Frameworks/AudioToolbox.framework; sourceTree = SDKROOT; };
		83B256E10E62FEA000468741 /* OpenGLES.framework */ = {isa = PBXFileReference; lastKnownFileType = wrapper.framework; name = OpenGLES.framework; path = System/Library/Frameworks/OpenGLES.framework; sourceTree = SDKROOT; };
		83B2570A0E62FF8A00468741 /* QuartzCore.framework */ = {isa = PBXFileReference; lastKnownFileType = wrapper.framework; name = QuartzCore.framework; path = System/Library/Frameworks/QuartzCore.framework; sourceTree = SDKROOT; };
		83B2574B0E63022200468741 /* OpenAL.framework */ = {isa = PBXFileReference; lastKnownFileType = wrapper.framework; name = OpenAL.framework; path = System/Library/Frameworks/OpenAL.framework; sourceTree = SDKROOT; };
		83B2574E0E63025400468741 /* libiconv.2.dylib */ = {isa = PBXFileReference; lastKnownFileType = "compiled.mach-o.dylib"; name = libiconv.2.dylib; path = usr/lib/libiconv.2.dylib; sourceTree = SDKROOT; };
		8A07E1041715A5AB000EDC6F /* iAD.h */ = {isa = PBXFileReference; fileEncoding = 4; lastKnownFileType = sourcecode.c.h; path = iAD.h; sourceTree = "<group>"; };
		8A07E1051715A5AB000EDC6F /* iAD.mm */ = {isa = PBXFileReference; fileEncoding = 4; lastKnownFileType = sourcecode.cpp.objcpp; path = iAD.mm; sourceTree = "<group>"; };
		8A0FED471649699200E9727D /* EAGLContextHelper.h */ = {isa = PBXFileReference; fileEncoding = 4; lastKnownFileType = sourcecode.c.h; path = EAGLContextHelper.h; sourceTree = "<group>"; };
		8A0FED481649699200E9727D /* EAGLContextHelper.mm */ = {isa = PBXFileReference; fileEncoding = 4; lastKnownFileType = sourcecode.cpp.objcpp; path = EAGLContextHelper.mm; sourceTree = "<group>"; };
		8A142DC41636943E00DD87CA /* Keyboard.h */ = {isa = PBXFileReference; fileEncoding = 4; lastKnownFileType = sourcecode.c.h; path = Keyboard.h; sourceTree = "<group>"; };
		8A142DC51636943E00DD87CA /* Keyboard.mm */ = {isa = PBXFileReference; fileEncoding = 4; lastKnownFileType = sourcecode.cpp.objcpp; path = Keyboard.mm; sourceTree = "<group>"; };
		8A16150B1A8E4362006FA788 /* FullScreenVideoPlayer.mm */ = {isa = PBXFileReference; fileEncoding = 4; lastKnownFileType = sourcecode.cpp.objcpp; path = FullScreenVideoPlayer.mm; sourceTree = "<group>"; };
		8A1FFFAB16512A9000DD0934 /* GlesHelper.h */ = {isa = PBXFileReference; fileEncoding = 4; lastKnownFileType = sourcecode.c.h; path = GlesHelper.h; sourceTree = "<group>"; };
		8A1FFFAC16512A9000DD0934 /* GlesHelper.mm */ = {isa = PBXFileReference; fileEncoding = 4; lastKnownFileType = sourcecode.cpp.objcpp; path = GlesHelper.mm; sourceTree = "<group>"; };
		8A21AED21622F59300AF8007 /* UnityViewControllerBase.h */ = {isa = PBXFileReference; fileEncoding = 4; lastKnownFileType = sourcecode.c.h; path = UnityViewControllerBase.h; sourceTree = "<group>"; };
		8A25E6D118D767E20006A227 /* Filesystem.mm */ = {isa = PBXFileReference; fileEncoding = 4; lastKnownFileType = sourcecode.cpp.objcpp; path = Filesystem.mm; sourceTree = "<group>"; };
		8A292A9717992CE100409BA4 /* LifeCycleListener.h */ = {isa = PBXFileReference; lastKnownFileType = sourcecode.c.h; path = LifeCycleListener.h; sourceTree = "<group>"; };
		8A292A9817992CE100409BA4 /* LifeCycleListener.mm */ = {isa = PBXFileReference; lastKnownFileType = sourcecode.cpp.objcpp; path = LifeCycleListener.mm; sourceTree = "<group>"; };
		8A2AA93316E0978D001FB470 /* CMVideoSampling.h */ = {isa = PBXFileReference; fileEncoding = 4; lastKnownFileType = sourcecode.c.h; path = CMVideoSampling.h; sourceTree = "<group>"; };
		8A2AA93416E0978D001FB470 /* CMVideoSampling.mm */ = {isa = PBXFileReference; fileEncoding = 4; lastKnownFileType = sourcecode.cpp.objcpp; path = CMVideoSampling.mm; sourceTree = "<group>"; };
		8A367F5916A6D36F0012ED11 /* CVTextureCache.h */ = {isa = PBXFileReference; fileEncoding = 4; lastKnownFileType = sourcecode.c.h; path = CVTextureCache.h; sourceTree = "<group>"; };
		8A367F5A16A6D36F0012ED11 /* CVTextureCache.mm */ = {isa = PBXFileReference; fileEncoding = 4; lastKnownFileType = sourcecode.cpp.objcpp; path = CVTextureCache.mm; sourceTree = "<group>"; };
		8A3EDDC61615B7C1001839E9 /* SplashScreen.h */ = {isa = PBXFileReference; fileEncoding = 4; lastKnownFileType = sourcecode.c.h; path = SplashScreen.h; sourceTree = "<group>"; };
		8A3EDDC71615B7C1001839E9 /* SplashScreen.mm */ = {isa = PBXFileReference; fileEncoding = 4; lastKnownFileType = sourcecode.cpp.objcpp; path = SplashScreen.mm; sourceTree = "<group>"; };
		8A4815BF17A287D2003FBFD5 /* UnityAppController+ViewHandling.h */ = {isa = PBXFileReference; lastKnownFileType = sourcecode.c.h; path = "UnityAppController+ViewHandling.h"; sourceTree = "<group>"; };
		8A4815C017A287D2003FBFD5 /* UnityAppController+ViewHandling.mm */ = {isa = PBXFileReference; lastKnownFileType = sourcecode.cpp.objcpp; path = "UnityAppController+ViewHandling.mm"; sourceTree = "<group>"; };
		8A5C1490174E662D0006EB36 /* RenderPluginDelegate.h */ = {isa = PBXFileReference; fileEncoding = 4; lastKnownFileType = sourcecode.c.h; path = RenderPluginDelegate.h; sourceTree = "<group>"; };
		8A5C1491174E662D0006EB36 /* RenderPluginDelegate.mm */ = {isa = PBXFileReference; fileEncoding = 4; lastKnownFileType = sourcecode.cpp.objcpp; path = RenderPluginDelegate.mm; sourceTree = "<group>"; };
		8A5E0B8F16849D1800CBB6FE /* DisplayManager.h */ = {isa = PBXFileReference; fileEncoding = 4; lastKnownFileType = sourcecode.c.h; path = DisplayManager.h; sourceTree = "<group>"; };
		8A5E0B9016849D1800CBB6FE /* DisplayManager.mm */ = {isa = PBXFileReference; fileEncoding = 4; lastKnownFileType = sourcecode.cpp.objcpp; path = DisplayManager.mm; sourceTree = "<group>"; };
		8A6137121A10B57700059EDF /* ObjCRuntime.h */ = {isa = PBXFileReference; fileEncoding = 4; lastKnownFileType = sourcecode.c.h; path = ObjCRuntime.h; sourceTree = "<group>"; };
		8A6137131A10BCA200059EDF /* ObjCRuntime.mm */ = {isa = PBXFileReference; fileEncoding = 4; lastKnownFileType = sourcecode.cpp.objcpp; path = ObjCRuntime.mm; sourceTree = "<group>"; };
		8A6720A319EEB905006C92E0 /* InternalProfiler.cpp */ = {isa = PBXFileReference; fileEncoding = 4; lastKnownFileType = sourcecode.cpp.cpp; path = InternalProfiler.cpp; sourceTree = "<group>"; };
		8A6720A419EEB905006C92E0 /* InternalProfiler.h */ = {isa = PBXFileReference; fileEncoding = 4; lastKnownFileType = sourcecode.c.h; path = InternalProfiler.h; sourceTree = "<group>"; };
		8A6720A619EFAF25006C92E0 /* Prefix.pch */ = {isa = PBXFileReference; fileEncoding = 4; lastKnownFileType = sourcecode.c.h; path = Prefix.pch; sourceTree = "<group>"; };
		8A7057D0171EA29600A1332D /* iAD_Scripting.mm */ = {isa = PBXFileReference; fileEncoding = 4; lastKnownFileType = sourcecode.cpp.objcpp; path = iAD_Scripting.mm; sourceTree = "<group>"; };
		8A851BA516FB2F6D00E911DB /* UnityView.h */ = {isa = PBXFileReference; fileEncoding = 4; lastKnownFileType = sourcecode.c.h; path = UnityView.h; sourceTree = "<group>"; };
		8A851BA616FB2F6D00E911DB /* UnityView.mm */ = {isa = PBXFileReference; fileEncoding = 4; lastKnownFileType = sourcecode.cpp.objcpp; path = UnityView.mm; sourceTree = "<group>"; };
		8A851BA816FB3AD000E911DB /* UnityAppController.h */ = {isa = PBXFileReference; fileEncoding = 4; lastKnownFileType = sourcecode.c.h; path = UnityAppController.h; sourceTree = "<group>"; };
		8A851BA916FB3AD000E911DB /* UnityAppController.mm */ = {isa = PBXFileReference; fileEncoding = 4; lastKnownFileType = sourcecode.cpp.objcpp; path = UnityAppController.mm; sourceTree = "<group>"; };
		8A851BAB16FC875E00E911DB /* UnityInterface.h */ = {isa = PBXFileReference; fileEncoding = 4; lastKnownFileType = sourcecode.c.h; path = UnityInterface.h; sourceTree = "<group>"; };
		8A8D90D81A274A7800456C4E /* UnityAppController+UnityInterface.h */ = {isa = PBXFileReference; fileEncoding = 4; lastKnownFileType = sourcecode.c.h; path = "UnityAppController+UnityInterface.h"; sourceTree = "<group>"; };
		8A8D90D91A274A7800456C4E /* UnityAppController+UnityInterface.mm */ = {isa = PBXFileReference; fileEncoding = 4; lastKnownFileType = sourcecode.cpp.objcpp; path = "UnityAppController+UnityInterface.mm"; sourceTree = "<group>"; };
		8A90541019EE8843003D1039 /* UnityForwardDecls.h */ = {isa = PBXFileReference; fileEncoding = 4; lastKnownFileType = sourcecode.c.h; path = UnityForwardDecls.h; sourceTree = "<group>"; };
		8A9FCB111617295F00C05364 /* ActivityIndicator.h */ = {isa = PBXFileReference; fileEncoding = 4; lastKnownFileType = sourcecode.c.h; path = ActivityIndicator.h; sourceTree = "<group>"; };
		8A9FCB121617295F00C05364 /* ActivityIndicator.mm */ = {isa = PBXFileReference; fileEncoding = 4; lastKnownFileType = sourcecode.cpp.objcpp; path = ActivityIndicator.mm; sourceTree = "<group>"; };
		8AA108C01948732900D0538B /* UnityRendering.h */ = {isa = PBXFileReference; fileEncoding = 4; lastKnownFileType = sourcecode.c.h; path = UnityRendering.h; sourceTree = "<group>"; };
		8AA568AC1827DD79004969C7 /* WWWConnection.h */ = {isa = PBXFileReference; fileEncoding = 4; lastKnownFileType = sourcecode.c.h; path = WWWConnection.h; sourceTree = "<group>"; };
		8AA568AD1827DD79004969C7 /* WWWConnection.mm */ = {isa = PBXFileReference; fileEncoding = 4; lastKnownFileType = sourcecode.cpp.objcpp; path = WWWConnection.mm; sourceTree = "<group>"; };
		8AA5D80017ABE9AF007B9910 /* UnityAppController+Rendering.h */ = {isa = PBXFileReference; fileEncoding = 4; lastKnownFileType = sourcecode.c.h; path = "UnityAppController+Rendering.h"; sourceTree = "<group>"; };
		8AA5D80117ABE9AF007B9910 /* UnityAppController+Rendering.mm */ = {isa = PBXFileReference; fileEncoding = 4; lastKnownFileType = sourcecode.cpp.objcpp; path = "UnityAppController+Rendering.mm"; sourceTree = "<group>"; };
		8AA6ADDB17818CFD00A1C5F1 /* UnityTrampolineConfigure.h */ = {isa = PBXFileReference; lastKnownFileType = sourcecode.c.h; path = UnityTrampolineConfigure.h; sourceTree = "<group>"; };
		8AB3CB3C16D390BA00697AD5 /* VideoPlayer.h */ = {isa = PBXFileReference; fileEncoding = 4; lastKnownFileType = sourcecode.c.h; path = VideoPlayer.h; sourceTree = "<group>"; };
		8AB3CB3D16D390BB00697AD5 /* VideoPlayer.mm */ = {isa = PBXFileReference; fileEncoding = 4; lastKnownFileType = sourcecode.cpp.objcpp; path = VideoPlayer.mm; sourceTree = "<group>"; };
		8ABDBCE019CAFCF700A842FF /* AVCapture.h */ = {isa = PBXFileReference; fileEncoding = 4; lastKnownFileType = sourcecode.c.h; path = AVCapture.h; sourceTree = "<group>"; };
		8AC71EC219E7FBA90027502F /* OrientationSupport.h */ = {isa = PBXFileReference; fileEncoding = 4; lastKnownFileType = sourcecode.c.h; path = OrientationSupport.h; sourceTree = "<group>"; };
		8AC71EC319E7FBA90027502F /* OrientationSupport.mm */ = {isa = PBXFileReference; fileEncoding = 4; lastKnownFileType = sourcecode.cpp.objcpp; path = OrientationSupport.mm; sourceTree = "<group>"; };
		8AC74A9419B47FEF00019D38 /* AVCapture.mm */ = {isa = PBXFileReference; fileEncoding = 4; lastKnownFileType = sourcecode.cpp.objcpp; path = AVCapture.mm; sourceTree = "<group>"; };
		8ACB801B177081D4005D0019 /* DeviceSettings.mm */ = {isa = PBXFileReference; fileEncoding = 4; lastKnownFileType = sourcecode.cpp.objcpp; path = DeviceSettings.mm; sourceTree = "<group>"; };
		8ACB801D177081F7005D0019 /* Preprocessor.h */ = {isa = PBXFileReference; fileEncoding = 4; lastKnownFileType = sourcecode.c.h; path = Preprocessor.h; sourceTree = "<group>"; };
		8ADCE38919C87177006F04F6 /* CameraCapture.h */ = {isa = PBXFileReference; fileEncoding = 4; lastKnownFileType = sourcecode.c.h; path = CameraCapture.h; sourceTree = "<group>"; };
		8ADCE38A19C87177006F04F6 /* CameraCapture.mm */ = {isa = PBXFileReference; fileEncoding = 4; lastKnownFileType = sourcecode.cpp.objcpp; path = CameraCapture.mm; sourceTree = "<group>"; };
		8AECDC781950835600CB29E8 /* UnityMetalSupport.h */ = {isa = PBXFileReference; fileEncoding = 4; lastKnownFileType = sourcecode.c.h; path = UnityMetalSupport.h; sourceTree = "<group>"; };
		8AF7755E17997D1300341121 /* AppDelegateListener.h */ = {isa = PBXFileReference; lastKnownFileType = sourcecode.c.h; path = AppDelegateListener.h; sourceTree = "<group>"; };
		8AF7755F17997D1300341121 /* AppDelegateListener.mm */ = {isa = PBXFileReference; lastKnownFileType = sourcecode.cpp.objcpp; path = AppDelegateListener.mm; sourceTree = "<group>"; };
		8D1107310486CEB800E47090 /* Info.plist */ = {isa = PBXFileReference; fileEncoding = 4; lastKnownFileType = text.plist.xml; path = Info.plist; sourceTree = "<group>"; };
		8E9F4DBEAFFB6687DDB4B94B /* Il2CppAttributes.cpp */ = {isa = PBXFileReference; lastKnownFileType = sourcecode.cpp.cpp; name = Il2CppAttributes.cpp; path = Classes/Native/Il2CppAttributes.cpp; sourceTree = SOURCE_ROOT; };
		98C14632B1DD5D61F5657550 /* Il2CppMarshalingFunctionsTable.cpp */ = {isa = PBXFileReference; lastKnownFileType = sourcecode.cpp.cpp; name = Il2CppMarshalingFunctionsTable.cpp; path = Classes/Native/Il2CppMarshalingFunctionsTable.cpp; sourceTree = SOURCE_ROOT; };
		9994751E1A7BC3AE00178130 /* UnityAdsUnityWrapper.h */ = {isa = PBXFileReference; fileEncoding = 4; lastKnownFileType = sourcecode.c.h; name = UnityAdsUnityWrapper.h; path = UnityAds/UnityAdsUnityWrapper.h; sourceTree = "<group>"; };
		9994751F1A7BC3AE00178130 /* UnityAdsUnityWrapper.mm */ = {isa = PBXFileReference; fileEncoding = 4; lastKnownFileType = sourcecode.cpp.objcpp; name = UnityAdsUnityWrapper.mm; path = UnityAds/UnityAdsUnityWrapper.mm; sourceTree = "<group>"; };
		999475381A80DBC300178130 /* UnityAdsConfig.h */ = {isa = PBXFileReference; fileEncoding = 4; lastKnownFileType = sourcecode.c.h; name = UnityAdsConfig.h; path = UnityAds/UnityAdsConfig.h; sourceTree = "<group>"; };
		9E824D619E298F1CCD09AD02 /* Il2CppInvokerTable.cpp */ = {isa = PBXFileReference; lastKnownFileType = sourcecode.cpp.cpp; name = Il2CppInvokerTable.cpp; path = Classes/Native/Il2CppInvokerTable.cpp; sourceTree = SOURCE_ROOT; };
		A4D44C0584E1F4E0FAA8AFAB /* Security.framework */ = {isa = PBXFileReference; lastKnownFileType = wrapper.framework; name = Security.framework; path = System/Library/Frameworks/Security.framework; sourceTree = SDKROOT; };
		AA31BF961B55660D0013FB1B /* Data */ = {isa = PBXFileReference; lastKnownFileType = folder; path = Data; sourceTree = "<group>"; };
		AA5D99861AFAD3C800B27605 /* CoreText.framework */ = {isa = PBXFileReference; lastKnownFileType = wrapper.framework; name = CoreText.framework; path = System/Library/Frameworks/CoreText.framework; sourceTree = SDKROOT; };
		AA6C5DF71A13842A0030E49A /* LaunchScreenImage-Landscape.png */ = {isa = PBXFileReference; lastKnownFileType = image.png; path = "LaunchScreenImage-Landscape.png"; sourceTree = "<group>"; };
		AA6C5DF81A13842A0030E49A /* LaunchScreenImage-Portrait.png */ = {isa = PBXFileReference; lastKnownFileType = image.png; path = "LaunchScreenImage-Portrait.png"; sourceTree = "<group>"; };
		AA8C451D9930B1700E81A773 /* MobileCoreServices.framework */ = {isa = PBXFileReference; lastKnownFileType = wrapper.framework; name = MobileCoreServices.framework; path = System/Library/Frameworks/MobileCoreServices.framework; sourceTree = SDKROOT; };
		AA8F4B651BD917A10024E7E3 /* UnityViewControllerBaseiOS.h */ = {isa = PBXFileReference; fileEncoding = 4; lastKnownFileType = sourcecode.c.h; path = UnityViewControllerBaseiOS.h; sourceTree = "<group>"; };
		AA8F4B661BD917A10024E7E3 /* UnityViewControllerBaseiOS.mm */ = {isa = PBXFileReference; fileEncoding = 4; lastKnownFileType = sourcecode.cpp.objcpp; path = UnityViewControllerBaseiOS.mm; sourceTree = "<group>"; };
		AA8F4B671BD917A10024E7E3 /* UnityViewControllerBaseTV.h */ = {isa = PBXFileReference; fileEncoding = 4; lastKnownFileType = sourcecode.c.h; path = UnityViewControllerBaseTV.h; sourceTree = "<group>"; };
		AA8F4B681BD917A10024E7E3 /* UnityViewControllerBaseTV.mm */ = {isa = PBXFileReference; fileEncoding = 4; lastKnownFileType = sourcecode.cpp.objcpp; path = UnityViewControllerBaseTV.mm; sourceTree = "<group>"; };
		AAC3E38B1A68945900F6174A /* RegisterFeatures.cpp */ = {isa = PBXFileReference; fileEncoding = 4; lastKnownFileType = sourcecode.cpp.cpp; path = RegisterFeatures.cpp; sourceTree = "<group>"; };
		AAC3E38C1A68945900F6174A /* RegisterFeatures.h */ = {isa = PBXFileReference; fileEncoding = 4; lastKnownFileType = sourcecode.c.h; path = RegisterFeatures.h; sourceTree = "<group>"; };
		AAFE69D019F187C200638316 /* UnityViewControllerListener.h */ = {isa = PBXFileReference; fileEncoding = 4; lastKnownFileType = sourcecode.c.h; path = UnityViewControllerListener.h; sourceTree = "<group>"; };
		AAFE69D119F187C200638316 /* UnityViewControllerListener.mm */ = {isa = PBXFileReference; fileEncoding = 4; lastKnownFileType = sourcecode.cpp.objcpp; path = UnityViewControllerListener.mm; sourceTree = "<group>"; };
		AFCC4FF5AF0186C387CD96CD /* Il2CppTypeDefinitions.cpp */ = {isa = PBXFileReference; lastKnownFileType = sourcecode.cpp.cpp; name = Il2CppTypeDefinitions.cpp; path = Classes/Native/Il2CppTypeDefinitions.cpp; sourceTree = SOURCE_ROOT; };
		B7CA4D6B9ACA9EF7FA0BA707 /* Bulk_mscorlib_5.cpp */ = {isa = PBXFileReference; lastKnownFileType = sourcecode.cpp.cpp; name = Bulk_mscorlib_5.cpp; path = Classes/Native/Bulk_mscorlib_5.cpp; sourceTree = SOURCE_ROOT; };
		B8AA4D36810EFCEE60C32E6B /* LaunchScreen-iPad.png */ = {isa = PBXFileReference; lastKnownFileType = image.png; path = "LaunchScreen-iPad.png"; sourceTree = SOURCE_ROOT; };
		C0E34CA9A58000E22F18BEC8 /* Bulk_Generics_0.cpp */ = {isa = PBXFileReference; lastKnownFileType = sourcecode.cpp.cpp; name = Bulk_Generics_0.cpp; path = Classes/Native/Bulk_Generics_0.cpp; sourceTree = SOURCE_ROOT; };
		C7DB438988CC833482741328 /* Bulk_mscorlib_4.cpp */ = {isa = PBXFileReference; lastKnownFileType = sourcecode.cpp.cpp; name = Bulk_mscorlib_4.cpp; path = Classes/Native/Bulk_mscorlib_4.cpp; sourceTree = SOURCE_ROOT; };
		C8CC45B3891D00C614DE5A4C /* Bulk_mscorlib_0.cpp */ = {isa = PBXFileReference; lastKnownFileType = sourcecode.cpp.cpp; name = Bulk_mscorlib_0.cpp; path = Classes/Native/Bulk_mscorlib_0.cpp; sourceTree = SOURCE_ROOT; };
		D0D8497CB1324EC93DFD0E7A /* Il2CppCodeRegistration.cpp */ = {isa = PBXFileReference; lastKnownFileType = sourcecode.cpp.cpp; name = Il2CppCodeRegistration.cpp; path = Classes/Native/Il2CppCodeRegistration.cpp; sourceTree = SOURCE_ROOT; };
		D5B2475C9E24C799C130B71B /* LaunchScreen-iPhonePortrait.png */ = {isa = PBXFileReference; lastKnownFileType = image.png; path = "LaunchScreen-iPhonePortrait.png"; sourceTree = SOURCE_ROOT; };
		D82DCFBB0E8000A5005D6AD8 /* main.mm */ = {isa = PBXFileReference; fileEncoding = 4; lastKnownFileType = sourcecode.cpp.objcpp; name = main.mm; path = Classes/main.mm; sourceTree = SOURCE_ROOT; };
		D8A1C7240E80637F000160D3 /* RegisterMonoModules.cpp */ = {isa = PBXFileReference; fileEncoding = 4; lastKnownFileType = sourcecode.cpp.cpp; name = RegisterMonoModules.cpp; path = Libraries/RegisterMonoModules.cpp; sourceTree = SOURCE_ROOT; };
		D8A1C7250E80637F000160D3 /* RegisterMonoModules.h */ = {isa = PBXFileReference; fileEncoding = 4; lastKnownFileType = sourcecode.c.h; name = RegisterMonoModules.h; path = Libraries/RegisterMonoModules.h; sourceTree = SOURCE_ROOT; };
		D8A1C72A0E8063A1000160D3 /* libiPhone-lib.a */ = {isa = PBXFileReference; lastKnownFileType = archive.ar; name = "libiPhone-lib.a"; path = "Libraries/libiPhone-lib.a"; sourceTree = SOURCE_ROOT; };
		DB6D45B8A85B87B3A2012FBE /* Il2CppGenericMethodPointerTable.cpp */ = {isa = PBXFileReference; lastKnownFileType = sourcecode.cpp.cpp; name = Il2CppGenericMethodPointerTable.cpp; path = Classes/Native/Il2CppGenericMethodPointerTable.cpp; sourceTree = SOURCE_ROOT; };
		DF3E432AA00A40BE9CFE3E17 /* LaunchScreen-iPad.xib */ = {isa = PBXFileReference; lastKnownFileType = file.xib; path = "LaunchScreen-iPad.xib"; sourceTree = SOURCE_ROOT; };
		E0864AE28156226AE1453685 /* Bulk_UnityEngine_0.cpp */ = {isa = PBXFileReference; lastKnownFileType = sourcecode.cpp.cpp; name = Bulk_UnityEngine_0.cpp; path = Classes/Native/Bulk_UnityEngine_0.cpp; sourceTree = SOURCE_ROOT; };
		E51A41EFB64B75CDC4DA0708 /* Il2CppMetadataUsage.cpp */ = {isa = PBXFileReference; lastKnownFileType = sourcecode.cpp.cpp; name = Il2CppMetadataUsage.cpp; path = Classes/Native/Il2CppMetadataUsage.cpp; sourceTree = SOURCE_ROOT; };
		E5E74D56ABDF6EC2C48620CA /* Bulk_mscorlib_1.cpp */ = {isa = PBXFileReference; lastKnownFileType = sourcecode.cpp.cpp; name = Bulk_mscorlib_1.cpp; path = Classes/Native/Bulk_mscorlib_1.cpp; sourceTree = SOURCE_ROOT; };
		EA084C29AA9F2F767A7966BF /* Bulk_mscorlib_6.cpp */ = {isa = PBXFileReference; lastKnownFileType = sourcecode.cpp.cpp; name = Bulk_mscorlib_6.cpp; path = Classes/Native/Bulk_mscorlib_6.cpp; sourceTree = SOURCE_ROOT; };
		EFFA4910AF94B71C6DEA75DC /* UnitySocial.h */ = {isa = PBXFileReference; lastKnownFileType = sourcecode.c.h; name = UnitySocial.h; path = /Users/michaelmiettinen/Desktop/TrainingDayProjects/Labyrint/labyball/UnitySocial/UnitySocial.h; sourceTree = SOURCE_ROOT; };
		F3DF41C2BB671CC7B740B87E /* Il2CppGenericMethodTable.cpp */ = {isa = PBXFileReference; lastKnownFileType = sourcecode.cpp.cpp; name = Il2CppGenericMethodTable.cpp; path = Classes/Native/Il2CppGenericMethodTable.cpp; sourceTree = SOURCE_ROOT; };
		F44245168C3FB243ECB0C475 /* Bulk_Mono.Security_1.cpp */ = {isa = PBXFileReference; lastKnownFileType = sourcecode.cpp.cpp; name = Bulk_Mono.Security_1.cpp; path = Classes/Native/Bulk_Mono.Security_1.cpp; sourceTree = SOURCE_ROOT; };
		FC0B20A11B7A4F0B00FDFC55 /* OnDemandResources.mm */ = {isa = PBXFileReference; fileEncoding = 4; lastKnownFileType = sourcecode.cpp.objcpp; path = OnDemandResources.mm; sourceTree = "<group>"; };
		FC3D7EBE16D2621600D1BD0D /* CrashReporter.h */ = {isa = PBXFileReference; fileEncoding = 4; lastKnownFileType = sourcecode.c.h; path = CrashReporter.h; sourceTree = "<group>"; };
		FC85CCB916C3ED8000BAF7C7 /* CrashReporter.mm */ = {isa = PBXFileReference; fileEncoding = 4; lastKnownFileType = sourcecode.cpp.objcpp; path = CrashReporter.mm; sourceTree = "<group>"; };
		FC85CCBA16C3ED8000BAF7C7 /* PLCrashReporter.h */ = {isa = PBXFileReference; fileEncoding = 4; lastKnownFileType = sourcecode.c.h; path = PLCrashReporter.h; sourceTree = "<group>"; };
/* End PBXFileReference section */

/* Begin PBXFrameworksBuildPhase section */
		1D60588F0D05DD3D006BFB54 /* Frameworks */ = {
			isa = PBXFrameworksBuildPhase;
			buildActionMask = 2147483647;
			files = (
				00000000008063A1000160D3 /* libiPhone-lib.a in Frameworks */,
				AA5D99871AFAD3C800B27605 /* CoreText.framework in Frameworks */,
				8358D1B80ED1CC3700E3A684 /* AudioToolbox.framework in Frameworks */,
				7F36C11313C5C673007FBDD9 /* AVFoundation.framework in Frameworks */,
				56FD43960ED4745200FE3770 /* CFNetwork.framework in Frameworks */,
				56B7959B1442E0F20026B3DD /* CoreGraphics.framework in Frameworks */,
				5692F3DD0FA9D8E500EBA2F1 /* CoreLocation.framework in Frameworks */,
				7F36C11113C5C673007FBDD9 /* CoreMedia.framework in Frameworks */,
				56B7960F1442E1770026B3DD /* CoreMotion.framework in Frameworks */,
				7F36C11213C5C673007FBDD9 /* CoreVideo.framework in Frameworks */,
				1D60589F0D05DD5A006BFB54 /* Foundation.framework in Frameworks */,
				08B24F76137BFDFA00FBA309 /* iAd.framework in Frameworks */,
				5682F4B20F3B34FF007A219C /* MediaPlayer.framework in Frameworks */,
				83B2574C0E63022200468741 /* OpenAL.framework in Frameworks */,
				83B256E20E62FEA000468741 /* OpenGLES.framework in Frameworks */,
				83B2570B0E62FF8A00468741 /* QuartzCore.framework in Frameworks */,
				56BCBA390FCF049A0030C3B2 /* SystemConfiguration.framework in Frameworks */,
				830B5C110E5ED4C100C7819F /* UIKit.framework in Frameworks */,
				83B2574F0E63025400468741 /* libiconv.2.dylib in Frameworks */,
				A64544319B65B18304B6A2F4 /* JavaScriptCore.framework in Frameworks */,
				FA2646B19FBE203249C19F0C /* Security.framework in Frameworks */,
				4A2446A0845B2DE555472051 /* MobileCoreServices.framework in Frameworks */,
				CC5547E4821ED4D7D80C4D65 /* libUnitySocialUI.a in Frameworks */,
			);
			runOnlyForDeploymentPostprocessing = 0;
		};
		5623C57017FDCB0800090B9E /* Frameworks */ = {
			isa = PBXFrameworksBuildPhase;
			buildActionMask = 2147483647;
			files = (
				5623C57717FDCB0800090B9E /* UIKit.framework in Frameworks */,
				5623C57617FDCB0800090B9E /* Foundation.framework in Frameworks */,
			);
			runOnlyForDeploymentPostprocessing = 0;
		};
/* End PBXFrameworksBuildPhase section */

/* Begin PBXGroup section */
		19C28FACFE9D520D11CA2CBB /* Products */ = {
			isa = PBXGroup;
			children = (
				1D6058910D05DD3D006BFB54 /* Unity-Target-New.app */,
				5623C57317FDCB0800090B9E /* Unity-iPhone Tests.xctest */,
			);
			name = Products;
			sourceTree = "<group>";
		};
		29B97314FDCFA39411CA2CEA /* CustomTemplate */ = {
			isa = PBXGroup;
			children = (
				AA31BF961B55660D0013FB1B /* Data */,
				56C56C9717D6015100616839 /* Images.xcassets */,
				D82DCFB50E8000A5005D6AD8 /* Classes */,
				5623C57817FDCB0800090B9E /* Unity-iPhone Tests */,
				29B97323FDCFA39411CA2CEA /* Frameworks */,
				D8A1C7220E80637F000160D3 /* Libraries */,
				19C28FACFE9D520D11CA2CBB /* Products */,
				8D1107310486CEB800E47090 /* Info.plist */,
				83B2574E0E63025400468741 /* libiconv.2.dylib */,
				052C440397192AEA17777EA6 /* LaunchScreen-iPhone.xib */,
				D5B2475C9E24C799C130B71B /* LaunchScreen-iPhonePortrait.png */,
				638D473092DDBF3EA2EEFEED /* LaunchScreen-iPhoneLandscape.png */,
				DF3E432AA00A40BE9CFE3E17 /* LaunchScreen-iPad.xib */,
				B8AA4D36810EFCEE60C32E6B /* LaunchScreen-iPad.png */,
				FD754A91AA775C68F1D3614D /* UnitySocial */,
			);
			name = CustomTemplate;
			sourceTree = "<group>";
		};
		29B97323FDCFA39411CA2CEA /* Frameworks */ = {
			isa = PBXGroup;
			children = (
				AA5D99861AFAD3C800B27605 /* CoreText.framework */,
				8358D1B70ED1CC3700E3A684 /* AudioToolbox.framework */,
				7F36C11013C5C673007FBDD9 /* AVFoundation.framework */,
				56FD43950ED4745200FE3770 /* CFNetwork.framework */,
				56B7959A1442E0F20026B3DD /* CoreGraphics.framework */,
				5692F3DC0FA9D8E500EBA2F1 /* CoreLocation.framework */,
				7F36C10E13C5C673007FBDD9 /* CoreMedia.framework */,
				56B795C11442E1100026B3DD /* CoreMotion.framework */,
				7F36C10F13C5C673007FBDD9 /* CoreVideo.framework */,
				1D30AB110D05D00D00671497 /* Foundation.framework */,
				08B24F75137BFDFA00FBA309 /* iAd.framework */,
				5682F4B10F3B34FF007A219C /* MediaPlayer.framework */,
				83B2574B0E63022200468741 /* OpenAL.framework */,
				83B256E10E62FEA000468741 /* OpenGLES.framework */,
				83B2570A0E62FF8A00468741 /* QuartzCore.framework */,
				56BCBA380FCF049A0030C3B2 /* SystemConfiguration.framework */,
				830B5C100E5ED4C100C7819F /* UIKit.framework */,
				38E14CCCB87C851C6F6DFAAF /* JavaScriptCore.framework */,
				A4D44C0584E1F4E0FAA8AFAB /* Security.framework */,
				AA8C451D9930B1700E81A773 /* MobileCoreServices.framework */,
			);
			name = Frameworks;
			sourceTree = "<group>";
		};
		5623C57817FDCB0800090B9E /* Unity-iPhone Tests */ = {
			isa = PBXGroup;
			children = (
				5623C57E17FDCB0900090B9E /* Unity_iPhone_Tests.m */,
				5623C57917FDCB0800090B9E /* Supporting Files */,
			);
			path = "Unity-iPhone Tests";
			sourceTree = "<group>";
		};
		5623C57917FDCB0800090B9E /* Supporting Files */ = {
			isa = PBXGroup;
			children = (
				5623C57A17FDCB0900090B9E /* Unity-iPhone Tests-Info.plist */,
				5623C57B17FDCB0900090B9E /* InfoPlist.strings */,
				5623C58017FDCB0900090B9E /* Unity-iPhone Tests-Prefix.pch */,
			);
			name = "Supporting Files";
			sourceTree = "<group>";
		};
		8A3EDDC51615B7C1001839E9 /* UI */ = {
			isa = PBXGroup;
			children = (
				8A9FCB111617295F00C05364 /* ActivityIndicator.h */,
				8A9FCB121617295F00C05364 /* ActivityIndicator.mm */,
				8A7057D0171EA29600A1332D /* iAD_Scripting.mm */,
				8A07E1041715A5AB000EDC6F /* iAD.h */,
				8A07E1051715A5AB000EDC6F /* iAD.mm */,
				8A142DC41636943E00DD87CA /* Keyboard.h */,
				8A142DC51636943E00DD87CA /* Keyboard.mm */,
				8AC71EC219E7FBA90027502F /* OrientationSupport.h */,
				8AC71EC319E7FBA90027502F /* OrientationSupport.mm */,
				8A3EDDC61615B7C1001839E9 /* SplashScreen.h */,
				8A3EDDC71615B7C1001839E9 /* SplashScreen.mm */,
				8A4815BF17A287D2003FBFD5 /* UnityAppController+ViewHandling.h */,
				8A4815C017A287D2003FBFD5 /* UnityAppController+ViewHandling.mm */,
				8A851BA516FB2F6D00E911DB /* UnityView.h */,
				8A851BA616FB2F6D00E911DB /* UnityView.mm */,
				8A21AED21622F59300AF8007 /* UnityViewControllerBase.h */,
				AA8F4B651BD917A10024E7E3 /* UnityViewControllerBaseiOS.h */,
				AA8F4B661BD917A10024E7E3 /* UnityViewControllerBaseiOS.mm */,
				AA8F4B671BD917A10024E7E3 /* UnityViewControllerBaseTV.h */,
				AA8F4B681BD917A10024E7E3 /* UnityViewControllerBaseTV.mm */,
			);
			path = UI;
			sourceTree = "<group>";
		};
		8A5C148F174E662D0006EB36 /* PluginBase */ = {
			isa = PBXGroup;
			children = (
				8AF7755E17997D1300341121 /* AppDelegateListener.h */,
				8AF7755F17997D1300341121 /* AppDelegateListener.mm */,
				8A292A9717992CE100409BA4 /* LifeCycleListener.h */,
				8A292A9817992CE100409BA4 /* LifeCycleListener.mm */,
				8A5C1490174E662D0006EB36 /* RenderPluginDelegate.h */,
				8A5C1491174E662D0006EB36 /* RenderPluginDelegate.mm */,
				AAFE69D019F187C200638316 /* UnityViewControllerListener.h */,
				AAFE69D119F187C200638316 /* UnityViewControllerListener.mm */,
			);
			path = PluginBase;
			sourceTree = "<group>";
		};
		8AF18FE316490981007B4420 /* Unity */ = {
			isa = PBXGroup;
			children = (
				FC0B20A11B7A4F0B00FDFC55 /* OnDemandResources.mm */,
				8ABDBCE019CAFCF700A842FF /* AVCapture.h */,
				8AC74A9419B47FEF00019D38 /* AVCapture.mm */,
				8ADCE38919C87177006F04F6 /* CameraCapture.h */,
				8ADCE38A19C87177006F04F6 /* CameraCapture.mm */,
				8A2AA93316E0978D001FB470 /* CMVideoSampling.h */,
				8A2AA93416E0978D001FB470 /* CMVideoSampling.mm */,
				8A367F5916A6D36F0012ED11 /* CVTextureCache.h */,
				8A367F5A16A6D36F0012ED11 /* CVTextureCache.mm */,
				8ACB801B177081D4005D0019 /* DeviceSettings.mm */,
				8A5E0B8F16849D1800CBB6FE /* DisplayManager.h */,
				8A5E0B9016849D1800CBB6FE /* DisplayManager.mm */,
				8A0FED471649699200E9727D /* EAGLContextHelper.h */,
				8A0FED481649699200E9727D /* EAGLContextHelper.mm */,
				8A25E6D118D767E20006A227 /* Filesystem.mm */,
				8A1FFFAB16512A9000DD0934 /* GlesHelper.h */,
				8A1FFFAC16512A9000DD0934 /* GlesHelper.mm */,
				8A6720A319EEB905006C92E0 /* InternalProfiler.cpp */,
				8A6720A419EEB905006C92E0 /* InternalProfiler.h */,
				1859EA9A19214E7B0022C3D3 /* MetalHelper.mm */,
				8A16150B1A8E4362006FA788 /* FullScreenVideoPlayer.mm */,
				8A6137121A10B57700059EDF /* ObjCRuntime.h */,
				8A6137131A10BCA200059EDF /* ObjCRuntime.mm */,
				8A90541019EE8843003D1039 /* UnityForwardDecls.h */,
				8A851BAB16FC875E00E911DB /* UnityInterface.h */,
				8AECDC781950835600CB29E8 /* UnityMetalSupport.h */,
				8AA108C01948732900D0538B /* UnityRendering.h */,
				8AB3CB3C16D390BA00697AD5 /* VideoPlayer.h */,
				8AB3CB3D16D390BB00697AD5 /* VideoPlayer.mm */,
				8AA568AC1827DD79004969C7 /* WWWConnection.h */,
				8AA568AD1827DD79004969C7 /* WWWConnection.mm */,
			);
			path = Unity;
			sourceTree = "<group>";
		};
		999475211A7BC3B100178130 /* UnityAds */ = {
			isa = PBXGroup;
			children = (
				999475381A80DBC300178130 /* UnityAdsConfig.h */,
				9994751E1A7BC3AE00178130 /* UnityAdsUnityWrapper.h */,
				9994751F1A7BC3AE00178130 /* UnityAdsUnityWrapper.mm */,
			);
			name = UnityAds;
			sourceTree = "<group>";
		};
		D82DCFB50E8000A5005D6AD8 /* Classes */ = {
			isa = PBXGroup;
			children = (
				999475211A7BC3B100178130 /* UnityAds */,
				8A5C148F174E662D0006EB36 /* PluginBase */,
				8A3EDDC51615B7C1001839E9 /* UI */,
				8AF18FE316490981007B4420 /* Unity */,
				FC3D7EBE16D2621600D1BD0D /* CrashReporter.h */,
				FC85CCB916C3ED8000BAF7C7 /* CrashReporter.mm */,
				56DBF99E15E3CE85007A4A8D /* iPhone_Sensors.h */,
				56DBF99C15E3CDC9007A4A8D /* iPhone_Sensors.mm */,
				D82DCFBB0E8000A5005D6AD8 /* main.mm */,
				FC85CCBA16C3ED8000BAF7C7 /* PLCrashReporter.h */,
				8A6720A619EFAF25006C92E0 /* Prefix.pch */,
				8ACB801D177081F7005D0019 /* Preprocessor.h */,
				8A851BA816FB3AD000E911DB /* UnityAppController.h */,
				8A851BA916FB3AD000E911DB /* UnityAppController.mm */,
				8AA5D80017ABE9AF007B9910 /* UnityAppController+Rendering.h */,
				8AA5D80117ABE9AF007B9910 /* UnityAppController+Rendering.mm */,
				8A8D90D81A274A7800456C4E /* UnityAppController+UnityInterface.h */,
				8A8D90D91A274A7800456C4E /* UnityAppController+UnityInterface.mm */,
				8AA6ADDB17818CFD00A1C5F1 /* UnityTrampolineConfigure.h */,
				EC2C45F2B14E7B0D2CC7D1BF /* Native */,
			);
			path = Classes;
			sourceTree = SOURCE_ROOT;
		};
		D8A1C7220E80637F000160D3 /* Libraries */ = {
			isa = PBXGroup;
			children = (
				AAC3E38B1A68945900F6174A /* RegisterFeatures.cpp */,
				AAC3E38C1A68945900F6174A /* RegisterFeatures.h */,
				D8A1C72A0E8063A1000160D3 /* libiPhone-lib.a */,
				D8A1C7240E80637F000160D3 /* RegisterMonoModules.cpp */,
				D8A1C7250E80637F000160D3 /* RegisterMonoModules.h */,
				03F528621B447098000F4FB8 /* Il2CppOptions.cpp */,
			);
			path = Libraries;
			sourceTree = SOURCE_ROOT;
		};
		EC2C45F2B14E7B0D2CC7D1BF /* Native */ = {
			isa = PBXGroup;
			children = (
				639C4AB49B755414BA939399 /* Bulk_Assembly-CSharp-firstpass_0.cpp */,
				0D6647D8AFC165592FB0E2A9 /* Bulk_Assembly-CSharp_0.cpp */,
				C0E34CA9A58000E22F18BEC8 /* Bulk_Generics_0.cpp */,
				6ABA4228A8AB95914AB08C63 /* Bulk_Generics_1.cpp */,
				19FA4C7FA77C9AB8BEDC6BF7 /* Bulk_Generics_2.cpp */,
				206E4CE5AC4B3496515626EE /* Bulk_Generics_3.cpp */,
				451248CE935A55A46AE2C5EB /* Bulk_Generics_4.cpp */,
				54274684A64665E3168B207A /* Bulk_Generics_5.cpp */,
				21A240D094A08B3F43F486C2 /* Bulk_Generics_6.cpp */,
				1F594842A02262C373D2009F /* Bulk_Mono.Security_0.cpp */,
				F44245168C3FB243ECB0C475 /* Bulk_Mono.Security_1.cpp */,
				790145618525BE9E049F456F /* Bulk_System.Core_0.cpp */,
				657445CDBC1C456B407EF3C3 /* Bulk_System_0.cpp */,
				00C94B12B04F7992EEE0224C /* Bulk_System_1.cpp */,
				1106457487ED7B54478F5FD3 /* Bulk_UnityEngine.UI_0.cpp */,
				38084EFD8136DF76188BA5FB /* Bulk_UnityEngine.UI_1.cpp */,
				E0864AE28156226AE1453685 /* Bulk_UnityEngine_0.cpp */,
				62FC41BCBD1A393303C1748C /* Bulk_UnityEngine_1.cpp */,
				3BF24E1BBCA2A2CA4D2EE1CD /* Bulk_UnityEngine_2.cpp */,
				C8CC45B3891D00C614DE5A4C /* Bulk_mscorlib_0.cpp */,
				E5E74D56ABDF6EC2C48620CA /* Bulk_mscorlib_1.cpp */,
				7298472FB7EDE2370EF85E7A /* Bulk_mscorlib_2.cpp */,
				582D44E58CB6692A95154B5E /* Bulk_mscorlib_3.cpp */,
				C7DB438988CC833482741328 /* Bulk_mscorlib_4.cpp */,
				B7CA4D6B9ACA9EF7FA0BA707 /* Bulk_mscorlib_5.cpp */,
				EA084C29AA9F2F767A7966BF /* Bulk_mscorlib_6.cpp */,
				0FC347EAB6257B7726C8C42C /* Bulk_mscorlib_7.cpp */,
				2E124CC2B33F34E6368CE4EC /* GenericMethods0.cpp */,
				8E9F4DBEAFFB6687DDB4B94B /* Il2CppAttributes.cpp */,
				D0D8497CB1324EC93DFD0E7A /* Il2CppCodeRegistration.cpp */,
				7E4B4859A7CEA66987AABE07 /* Il2CppCompilerCalculateTypeValuesTable.cpp */,
				6AE84FDD8A968457B58C5350 /* Il2CppDelegateWrappersManagedToNativeTable.cpp */,
				217F43DFA632DE8BCACDBCA1 /* Il2CppGenericClassTable.cpp */,
				1936415A93370EDDCA39369B /* Il2CppGenericInstDefinitions.cpp */,
				42964F09BE44B2D1C6B1F38A /* Il2CppGenericMethodDefinitions.cpp */,
				DB6D45B8A85B87B3A2012FBE /* Il2CppGenericMethodPointerTable.cpp */,
				F3DF41C2BB671CC7B740B87E /* Il2CppGenericMethodTable.cpp */,
				69754D2F87B4847155803B37 /* Il2CppGuids.cpp */,
				9E824D619E298F1CCD09AD02 /* Il2CppInvokerTable.cpp */,
				98C14632B1DD5D61F5657550 /* Il2CppMarshalingFunctionsTable.cpp */,
				469945778DD0BF868A91F22A /* Il2CppMetadataRegistration.cpp */,
				E51A41EFB64B75CDC4DA0708 /* Il2CppMetadataUsage.cpp */,
				05A24748BDAC1FFFBB598422 /* Il2CppMethodPointerTable.cpp */,
				AFCC4FF5AF0186C387CD96CD /* Il2CppTypeDefinitions.cpp */,
				2AE44EEDBDE6010BD6CA1E1D /* UnityClassRegistration.cpp */,
				73554C3582CF0425645FCDDE /* UnityICallRegistration.cpp */,
			);
			path = Native;
			sourceTree = "<group>";
		};
		FD754A91AA775C68F1D3614D /* UnitySocial */ = {
			isa = PBXGroup;
			children = (
				EFFA4910AF94B71C6DEA75DC /* UnitySocial.h */,
				055544FA988C45A078E0324D /* UnitySocialNativeWrapper.mm */,
				7F384F88A6492095763F0B90 /* libUnitySocialUI.a */,
			);
			path = UnitySocial;
			sourceTree = "<group>";
		};
/* End PBXGroup section */

/* Begin PBXNativeTarget section */
		1D6058900D05DD3D006BFB54 /* Unity-iPhone */ = {
			isa = PBXNativeTarget;
			buildConfigurationList = 1D6058960D05DD3E006BFB54 /* Build configuration list for PBXNativeTarget "Unity-iPhone" */;
			buildPhases = (
				1D60588D0D05DD3D006BFB54 /* Resources */,
				83D0C1FD0E6C8D7700EBCE5D /* CopyFiles */,
				1D60588E0D05DD3D006BFB54 /* Sources */,
				1D60588F0D05DD3D006BFB54 /* Frameworks */,
				033966F41B18B03000ECD701 /* ShellScript */,
			);
			buildRules = (
			);
			dependencies = (
			);
			name = "Unity-iPhone";
			productName = "iPhone-target";
			productReference = 1D6058910D05DD3D006BFB54 /* Unity-Target-New.app */;
			productType = "com.apple.product-type.application";
		};
		5623C57217FDCB0800090B9E /* Unity-iPhone Tests */ = {
			isa = PBXNativeTarget;
			buildConfigurationList = 5623C58517FDCB0900090B9E /* Build configuration list for PBXNativeTarget "Unity-iPhone Tests" */;
			buildPhases = (
				5623C56F17FDCB0800090B9E /* Sources */,
				5623C57017FDCB0800090B9E /* Frameworks */,
				5623C57117FDCB0800090B9E /* Resources */,
			);
			buildRules = (
			);
			dependencies = (
				5623C58217FDCB0900090B9E /* PBXTargetDependency */,
			);
			name = "Unity-iPhone Tests";
			productName = "Unity-iPhone Tests";
			productReference = 5623C57317FDCB0800090B9E /* Unity-iPhone Tests.xctest */;
			productType = "com.apple.product-type.bundle.unit-test";
		};
/* End PBXNativeTarget section */

/* Begin PBXProject section */
		29B97313FDCFA39411CA2CEA /* Project object */ = {
			isa = PBXProject;
			attributes = {
				TargetAttributes = {
					5623C57217FDCB0800090B9E = {
						TestTargetID = 1D6058900D05DD3D006BFB54;
					};
				};
			};
			buildConfigurationList = C01FCF4E08A954540054247B /* Build configuration list for PBXProject "Unity-iPhone" */;
			compatibilityVersion = "Xcode 3.2";
			developmentRegion = English;
			hasScannedForEncodings = 1;
			knownRegions = (
				English,
				Japanese,
				French,
				German,
				en,
			);
			mainGroup = 29B97314FDCFA39411CA2CEA /* CustomTemplate */;
			projectDirPath = "";
			projectRoot = "";
			targets = (
				1D6058900D05DD3D006BFB54 /* Unity-iPhone */,
				5623C57217FDCB0800090B9E /* Unity-iPhone Tests */,
			);
		};
/* End PBXProject section */

/* Begin PBXResourcesBuildPhase section */
		1D60588D0D05DD3D006BFB54 /* Resources */ = {
			isa = PBXResourcesBuildPhase;
			buildActionMask = 2147483647;
			files = (
				AA31BF971B55660D0013FB1B /* Data in Resources */,
				56C56C9817D6015200616839 /* Images.xcassets in Resources */,
				626A4FF7B11BE0B2CDF18498 /* LaunchScreen-iPhone.xib in Resources */,
				974B448B83DE02E40331BB99 /* LaunchScreen-iPhonePortrait.png in Resources */,
				7FB54537A9F406DC18980E91 /* LaunchScreen-iPhoneLandscape.png in Resources */,
				8B2F40D99AE3ED50BB80118B /* LaunchScreen-iPad.xib in Resources */,
				C9064467A38963B612559983 /* LaunchScreen-iPad.png in Resources */,
			);
			runOnlyForDeploymentPostprocessing = 0;
		};
		5623C57117FDCB0800090B9E /* Resources */ = {
			isa = PBXResourcesBuildPhase;
			buildActionMask = 2147483647;
			files = (
				5623C57D17FDCB0900090B9E,
			);
			runOnlyForDeploymentPostprocessing = 0;
		};
/* End PBXResourcesBuildPhase section */

/* Begin PBXShellScriptBuildPhase section */
		033966F41B18B03000ECD701 /* ShellScript */ = {
			isa = PBXShellScriptBuildPhase;
			buildActionMask = 2147483647;
			files = (
			);
			inputPaths = (
			);
			outputPaths = (
			);
			runOnlyForDeploymentPostprocessing = 0;
			shellPath = /bin/sh;
			shellScript = "\"$PROJECT_DIR/MapFileParser.sh\"";
		};
/* End PBXShellScriptBuildPhase section */

/* Begin PBXSourcesBuildPhase section */
		1D60588E0D05DD3D006BFB54 /* Sources */ = {
			isa = PBXSourcesBuildPhase;
			buildActionMask = 2147483647;
			files = (
				D82DCFC30E8000A5005D6AD8 /* main.mm in Sources */,
				D8A1C7280E80637F000160D3 /* RegisterMonoModules.cpp in Sources */,
				8AA568AE1827DD79004969C7 /* WWWConnection.mm in Sources */,
				56DBF99D15E3CDC9007A4A8D /* iPhone_Sensors.mm in Sources */,
				8A3EDDC81615B7C1001839E9 /* SplashScreen.mm in Sources */,
				8AC71EC419E7FBA90027502F /* OrientationSupport.mm in Sources */,
				8A9FCB131617295F00C05364 /* ActivityIndicator.mm in Sources */,
				8A8D90DA1A274A7800456C4E /* UnityAppController+UnityInterface.mm in Sources */,
				8AA5D80217ABE9AF007B9910 /* UnityAppController+Rendering.mm in Sources */,
				8A142DC61636943E00DD87CA /* Keyboard.mm in Sources */,
				8A0FED491649699200E9727D /* EAGLContextHelper.mm in Sources */,
				AAFE69D219F187C200638316 /* UnityViewControllerListener.mm in Sources */,
				8A1FFFAD16512A9000DD0934 /* GlesHelper.mm in Sources */,
				8A5E0B9116849D1800CBB6FE /* DisplayManager.mm in Sources */,
				8A367F5B16A6D36F0012ED11 /* CVTextureCache.mm in Sources */,
				1859EA9B19214E7B0022C3D3 /* MetalHelper.mm in Sources */,
				8A16150C1A8E4362006FA788 /* FullScreenVideoPlayer.mm in Sources */,
				FC85CCBB16C3ED8000BAF7C7 /* CrashReporter.mm in Sources */,
				8AB3CB3E16D390BB00697AD5 /* VideoPlayer.mm in Sources */,
				8A2AA93516E0978D001FB470 /* CMVideoSampling.mm in Sources */,
				8A851BA716FB2F6D00E911DB /* UnityView.mm in Sources */,
				8A851BAA16FB3AD000E911DB /* UnityAppController.mm in Sources */,
				8AC74A9519B47FEF00019D38 /* AVCapture.mm in Sources */,
				8A6720A519EEB905006C92E0 /* InternalProfiler.cpp in Sources */,
				8A6137141A10BCA200059EDF /* ObjCRuntime.mm in Sources */,
				AA8F4B6A1BD917A10024E7E3 /* UnityViewControllerBaseTV.mm in Sources */,
				8ADCE38B19C87177006F04F6 /* CameraCapture.mm in Sources */,
				8A4815C117A28E7F003FBFD5 /* UnityAppController+ViewHandling.mm in Sources */,
				8A07E1061715A5AB000EDC6F /* iAD.mm in Sources */,
				8A7057D1171EA29600A1332D /* iAD_Scripting.mm in Sources */,
				8A25E6D218D767E20006A227 /* Filesystem.mm in Sources */,
				999475201A7BC3AE00178130 /* UnityAdsUnityWrapper.mm in Sources */,
				AA8F4B691BD917A10024E7E3 /* UnityViewControllerBaseiOS.mm in Sources */,
				8AF7755D1799329100341121 /* LifeCycleListener.mm in Sources */,
				8A5C1492174E662D0006EB36 /* RenderPluginDelegate.mm in Sources */,
				8AF7756017997D2700341121 /* AppDelegateListener.mm in Sources */,
				FC0B20A21B7A4F0B00FDFC55 /* OnDemandResources.mm in Sources */,
				AAC3E38D1A68945900F6174A /* RegisterFeatures.cpp in Sources */,
				8ACB801C177081D4005D0019 /* DeviceSettings.mm in Sources */,
				03F528631B447098000F4FB8 /* Il2CppOptions.cpp in Sources */,
				9D6D4AFE8648C695DCD41E96 /* Bulk_Assembly-CSharp-firstpass_0.cpp in Sources */,
				D69D489289C4A6046ED700FC /* Bulk_Assembly-CSharp_0.cpp in Sources */,
				ABF14E14AA73E4BF1AB2E8DF /* Bulk_Generics_0.cpp in Sources */,
				D90844829244319ABC9AA52A /* Bulk_Generics_1.cpp in Sources */,
				A67A40FFABA4F00B508461A7 /* Bulk_Generics_2.cpp in Sources */,
				2A10475DA6E43295F4B5CC4C /* Bulk_Generics_3.cpp in Sources */,
				86BC4A5E9FBDB409FBD1CB41 /* Bulk_Generics_4.cpp in Sources */,
				31774643BCBF42713AB59532 /* Bulk_Generics_5.cpp in Sources */,
				B41B4F9290FF69D538FFCD05 /* Bulk_Generics_6.cpp in Sources */,
				A5194296872A7721D9B2F1D1 /* Bulk_Mono.Security_0.cpp in Sources */,
				DE4C495F980E0A12D9A2D9E2 /* Bulk_Mono.Security_1.cpp in Sources */,
				7753446B8D03181173A88823 /* Bulk_System.Core_0.cpp in Sources */,
				678D40B7811B53BDADC2E80C /* Bulk_System_0.cpp in Sources */,
				C2184370B96F1FCD137006F2 /* Bulk_System_1.cpp in Sources */,
				A149422C9E06D1E512675EA0 /* Bulk_UnityEngine.UI_0.cpp in Sources */,
				0E084A8BB64077B246141A94 /* Bulk_UnityEngine.UI_1.cpp in Sources */,
				3692408DBC180152F7F94CCB /* Bulk_UnityEngine_0.cpp in Sources */,
				119B4EC28AB76469D6027379 /* Bulk_UnityEngine_1.cpp in Sources */,
				F93D40FABFEC94D0619B8C50 /* Bulk_UnityEngine_2.cpp in Sources */,
				25D14F3DAA49167B8D932877 /* Bulk_mscorlib_0.cpp in Sources */,
				A47A4D1EBC406D8C300A8782 /* Bulk_mscorlib_1.cpp in Sources */,
				0014471EB77B9E3463432D4B /* Bulk_mscorlib_2.cpp in Sources */,
				F20649A1AEFAF554E5BB8B16 /* Bulk_mscorlib_3.cpp in Sources */,
				9EFF449FAFE7EBD5CAECF6EB /* Bulk_mscorlib_4.cpp in Sources */,
				8B724D6F86F2532C3E9EB4E2 /* Bulk_mscorlib_5.cpp in Sources */,
				CD75412887F8E6432509876C /* Bulk_mscorlib_6.cpp in Sources */,
				47D14BD0A5550FECE31F1995 /* Bulk_mscorlib_7.cpp in Sources */,
				401A4408BF7EFFFFA39D147B /* GenericMethods0.cpp in Sources */,
				547B4390A0BC9F5C883C84BA /* Il2CppAttributes.cpp in Sources */,
				4CB743C4A86ABD865C542E2F /* Il2CppCodeRegistration.cpp in Sources */,
				06DD405EBD09201B42208E37 /* Il2CppCompilerCalculateTypeValuesTable.cpp in Sources */,
				AD624C9CB2E94447D2F07BC4 /* Il2CppDelegateWrappersManagedToNativeTable.cpp in Sources */,
				96284887AEF4A5B530F6D120 /* Il2CppGenericClassTable.cpp in Sources */,
				315D434F94124012C6B4637A /* Il2CppGenericInstDefinitions.cpp in Sources */,
				57BC4E65A15F5629CA76A68B /* Il2CppGenericMethodDefinitions.cpp in Sources */,
				859048E699AD99E378F1B8C2 /* Il2CppGenericMethodPointerTable.cpp in Sources */,
				5D184F699295EAC578C3341C /* Il2CppGenericMethodTable.cpp in Sources */,
				0C294095A9A67EB8443B3D34 /* Il2CppGuids.cpp in Sources */,
				F3554DFB89B784FAE485DF58 /* Il2CppInvokerTable.cpp in Sources */,
				50C448D4A2E54B88DA82A8C8 /* Il2CppMarshalingFunctionsTable.cpp in Sources */,
				CA9B421DAE1785731D382B96 /* Il2CppMetadataRegistration.cpp in Sources */,
				4BD04265A3A8C03524E29590 /* Il2CppMetadataUsage.cpp in Sources */,
				85654F838B81E73C76C248A4 /* Il2CppMethodPointerTable.cpp in Sources */,
				C6E8400089E76797A56828D1 /* Il2CppTypeDefinitions.cpp in Sources */,
				8BBF432AAA9FE1B882F449C0 /* UnityClassRegistration.cpp in Sources */,
				F9F144E9ACFA119875378CF5 /* UnityICallRegistration.cpp in Sources */,
				4F874521BD627EA6C040AF75 /* UnitySocialNativeWrapper.mm in Sources */,
			);
			runOnlyForDeploymentPostprocessing = 0;
		};
		5623C56F17FDCB0800090B9E /* Sources */ = {
			isa = PBXSourcesBuildPhase;
			buildActionMask = 2147483647;
			files = (
				5623C57F17FDCB0900090B9E /* Unity_iPhone_Tests.m in Sources */,
			);
			runOnlyForDeploymentPostprocessing = 0;
		};
/* End PBXSourcesBuildPhase section */

/* Begin PBXTargetDependency section */
		5623C58217FDCB0900090B9E /* PBXTargetDependency */ = {
			isa = PBXTargetDependency;
			target = 1D6058900D05DD3D006BFB54 /* Unity-iPhone */;
			targetProxy = 5623C58117FDCB0900090B9E /* PBXContainerItemProxy */;
		};
/* End PBXTargetDependency section */

/* Begin PBXVariantGroup section */
		5623C57B17FDCB0900090B9E /* InfoPlist.strings */ = {
			isa = PBXVariantGroup;
			children = (
				5623C57C17FDCB0900090B9E /* en */,
			);
			name = InfoPlist.strings;
			sourceTree = "<group>";
		};
/* End PBXVariantGroup section */

/* Begin XCBuildConfiguration section */
		1D6058940D05DD3E006BFB54 /* Debug */ = {
			isa = XCBuildConfiguration;
			buildSettings = {
				ALWAYS_SEARCH_USER_PATHS = NO;
				ARCHS = "armv7 arm64";
				ASSETCATALOG_COMPILER_APPICON_NAME = AppIcon;
				ASSETCATALOG_COMPILER_LAUNCHIMAGE_NAME = LaunchImage;
				CLANG_CXX_LANGUAGE_STANDARD = "c++0x";
				CLANG_CXX_LIBRARY = "libc++";
				CLANG_ENABLE_OBJC_ARC = YES;
				CLANG_WARN_DEPRECATED_OBJC_IMPLEMENTATIONS = YES;
				COPY_PHASE_STRIP = NO;
				ENABLE_BITCODE = YES;
				FRAMEWORK_SEARCH_PATHS = (
					"$(inherited)",
					"\"$(SRCROOT)/UnitySocial\"",
				);
				GCC_DYNAMIC_NO_PIC = NO;
				GCC_ENABLE_CPP_EXCEPTIONS = YES;
				GCC_OPTIMIZATION_LEVEL = 0;
				GCC_PRECOMPILE_PREFIX_HEADER = YES;
				GCC_PREFIX_HEADER = Classes/Prefix.pch;
				GCC_USE_INDIRECT_FUNCTION_CALLS = NO;
				HEADER_SEARCH_PATHS = (
					"\"$(SRCROOT)/Classes\"",
					"\"$(SRCROOT)\"",
					"$(SRCROOT)/Classes/Native",
					"$(SRCROOT)/Libraries/bdwgc/include",
					"$(SRCROOT)/Libraries/libil2cpp/include",
				);
				INFOPLIST_FILE = Info.plist;
				IPHONEOS_DEPLOYMENT_TARGET = 7.0;
				LD_GENERATE_MAP_FILE = YES;
				LIBRARY_SEARCH_PATHS = (
					"$(inherited)",
					"\"$(SRCROOT)\"",
					"\"$(SRCROOT)/Libraries\"",
					"\"$(SRCROOT)/UnitySocial\"",
				);
				ONLY_ACTIVE_ARCH = YES;
				OTHER_CFLAGS = "-DINIT_SCRIPTING_BACKEND=1";
				OTHER_LDFLAGS = (
					"-weak_framework",
					CoreMotion,
					"-weak-lSystem",
					"-lstdc++",
					"-ObjC",
				);
				PRODUCT_NAME = labyrint;
				SDKROOT = iphoneos;
				SUPPORTED_PLATFORMS = iphoneos;
				TARGETED_DEVICE_FAMILY = "1,2";
				UNITY_RUNTIME_VERSION = 5.3.5f1;
				UNITY_SCRIPTING_BACKEND = il2cpp;
			};
			name = Debug;
		};
		1D6058950D05DD3E006BFB54 /* Release */ = {
			isa = XCBuildConfiguration;
			buildSettings = {
				ALWAYS_SEARCH_USER_PATHS = NO;
				ARCHS = "armv7 arm64";
				ASSETCATALOG_COMPILER_APPICON_NAME = AppIcon;
				ASSETCATALOG_COMPILER_LAUNCHIMAGE_NAME = LaunchImage;
				CLANG_CXX_LANGUAGE_STANDARD = "c++0x";
				CLANG_CXX_LIBRARY = "libc++";
				CLANG_ENABLE_OBJC_ARC = YES;
				CLANG_WARN_DEPRECATED_OBJC_IMPLEMENTATIONS = YES;
				COPY_PHASE_STRIP = YES;
				ENABLE_BITCODE = YES;
				FRAMEWORK_SEARCH_PATHS = (
					"$(inherited)",
					"\"$(SRCROOT)/UnitySocial\"",
				);
				GCC_ENABLE_CPP_EXCEPTIONS = YES;
				GCC_PRECOMPILE_PREFIX_HEADER = YES;
				GCC_PREFIX_HEADER = Classes/Prefix.pch;
				HEADER_SEARCH_PATHS = (
					"\"$(SRCROOT)/Classes\"",
					"\"$(SRCROOT)\"",
					"$(SRCROOT)/Classes/Native",
					"$(SRCROOT)/Libraries/bdwgc/include",
					"$(SRCROOT)/Libraries/libil2cpp/include",
				);
				INFOPLIST_FILE = Info.plist;
				IPHONEOS_DEPLOYMENT_TARGET = 7.0;
				LD_GENERATE_MAP_FILE = YES;
				LIBRARY_SEARCH_PATHS = (
					"$(inherited)",
					"\"$(SRCROOT)\"",
					"\"$(SRCROOT)/Libraries\"",
					"\"$(SRCROOT)/UnitySocial\"",
				);
				ONLY_ACTIVE_ARCH = NO;
				OTHER_CFLAGS = "-DINIT_SCRIPTING_BACKEND=1";
				OTHER_LDFLAGS = (
					"-weak_framework",
					CoreMotion,
					"-weak-lSystem",
					"-lstdc++",
					"-ObjC",
				);
				PRODUCT_NAME = labyrint;
				SDKROOT = iphoneos;
				SUPPORTED_PLATFORMS = iphoneos;
				TARGETED_DEVICE_FAMILY = "1,2";
				UNITY_RUNTIME_VERSION = 5.3.5f1;
				UNITY_SCRIPTING_BACKEND = il2cpp;
			};
			name = Release;
		};
		5623C58317FDCB0900090B9E /* Release */ = {
			isa = XCBuildConfiguration;
			buildSettings = {
				ALWAYS_SEARCH_USER_PATHS = NO;
				ARCHS = "armv7 arm64";
				BUNDLE_LOADER = "$(BUILD_DIR)/$(CONFIGURATION)$(EFFECTIVE_PLATFORM_NAME)/$(PRODUCT_NAME).app/$(PRODUCT_NAME)";
				CLANG_CXX_LANGUAGE_STANDARD = "gnu++0x";
				CLANG_CXX_LIBRARY = "libc++";
				CLANG_ENABLE_MODULES = YES;
				CLANG_ENABLE_OBJC_ARC = YES;
				CLANG_WARN_BOOL_CONVERSION = YES;
				CLANG_WARN_CONSTANT_CONVERSION = YES;
				CLANG_WARN_DIRECT_OBJC_ISA_USAGE = YES_ERROR;
				CLANG_WARN_EMPTY_BODY = YES;
				CLANG_WARN_ENUM_CONVERSION = YES;
				CLANG_WARN_INT_CONVERSION = YES;
				CLANG_WARN_OBJC_ROOT_CLASS = YES_ERROR;
				CLANG_WARN__DUPLICATE_METHOD_MATCH = YES;
				COPY_PHASE_STRIP = YES;
				ENABLE_NS_ASSERTIONS = NO;
				FRAMEWORK_SEARCH_PATHS = "$(inherited)";
				GCC_C_LANGUAGE_STANDARD = gnu99;
				GCC_PRECOMPILE_PREFIX_HEADER = YES;
				GCC_PREFIX_HEADER = "Unity-iPhone Tests/Unity-iPhone Tests-Prefix.pch";
				GCC_WARN_64_TO_32_BIT_CONVERSION = YES;
				GCC_WARN_ABOUT_RETURN_TYPE = YES_ERROR;
				GCC_WARN_UNDECLARED_SELECTOR = YES;
				GCC_WARN_UNINITIALIZED_AUTOS = YES;
				GCC_WARN_UNUSED_FUNCTION = YES;
				INFOPLIST_FILE = "Unity-iPhone Tests/Unity-iPhone Tests-Info.plist";
				IPHONEOS_DEPLOYMENT_TARGET = 7.0;
				LD_GENERATE_MAP_FILE = YES;
				PRODUCT_NAME = labyrint;
				SDKROOT = iphoneos;
				SUPPORTED_PLATFORMS = iphoneos;
				TARGETED_DEVICE_FAMILY = "1,2";
				TEST_HOST = "$(BUNDLE_LOADER)";
				UNITY_RUNTIME_VERSION = 5.3.5f1;
				UNITY_SCRIPTING_BACKEND = il2cpp;
				VALIDATE_PRODUCT = YES;
				WRAPPER_EXTENSION = xctest;
			};
			name = Release;
		};
		5623C58417FDCB0900090B9E /* Debug */ = {
			isa = XCBuildConfiguration;
			buildSettings = {
				ALWAYS_SEARCH_USER_PATHS = NO;
				ARCHS = "armv7 arm64";
				BUNDLE_LOADER = "$(BUILD_DIR)/$(CONFIGURATION)$(EFFECTIVE_PLATFORM_NAME)/$(PRODUCT_NAME).app/$(PRODUCT_NAME)";
				CLANG_CXX_LANGUAGE_STANDARD = "gnu++0x";
				CLANG_CXX_LIBRARY = "libc++";
				CLANG_ENABLE_MODULES = YES;
				CLANG_ENABLE_OBJC_ARC = YES;
				CLANG_WARN_BOOL_CONVERSION = YES;
				CLANG_WARN_CONSTANT_CONVERSION = YES;
				CLANG_WARN_DIRECT_OBJC_ISA_USAGE = YES_ERROR;
				CLANG_WARN_EMPTY_BODY = YES;
				CLANG_WARN_ENUM_CONVERSION = YES;
				CLANG_WARN_INT_CONVERSION = YES;
				CLANG_WARN_OBJC_ROOT_CLASS = YES_ERROR;
				CLANG_WARN__DUPLICATE_METHOD_MATCH = YES;
				COPY_PHASE_STRIP = NO;
				FRAMEWORK_SEARCH_PATHS = "$(inherited)";
				GCC_C_LANGUAGE_STANDARD = gnu99;
				GCC_DYNAMIC_NO_PIC = NO;
				GCC_OPTIMIZATION_LEVEL = 0;
				GCC_PRECOMPILE_PREFIX_HEADER = YES;
				GCC_PREFIX_HEADER = "Unity-iPhone Tests/Unity-iPhone Tests-Prefix.pch";
				GCC_PREPROCESSOR_DEFINITIONS = (
					"DEBUG=1",
					"$(inherited)",
				);
				GCC_SYMBOLS_PRIVATE_EXTERN = NO;
				GCC_WARN_64_TO_32_BIT_CONVERSION = YES;
				GCC_WARN_ABOUT_RETURN_TYPE = YES_ERROR;
				GCC_WARN_UNDECLARED_SELECTOR = YES;
				GCC_WARN_UNINITIALIZED_AUTOS = YES;
				GCC_WARN_UNUSED_FUNCTION = YES;
				INFOPLIST_FILE = "Unity-iPhone Tests/Unity-iPhone Tests-Info.plist";
				IPHONEOS_DEPLOYMENT_TARGET = 7.0;
				LD_GENERATE_MAP_FILE = YES;
				ONLY_ACTIVE_ARCH = YES;
				PRODUCT_NAME = labyrint;
				SDKROOT = iphoneos;
				SUPPORTED_PLATFORMS = iphoneos;
				TARGETED_DEVICE_FAMILY = "1,2";
				TEST_HOST = "$(BUNDLE_LOADER)";
				UNITY_RUNTIME_VERSION = 5.3.5f1;
				UNITY_SCRIPTING_BACKEND = il2cpp;
				WRAPPER_EXTENSION = xctest;
			};
			name = Debug;
		};
		C01FCF4F08A954540054247B /* Debug */ = {
			isa = XCBuildConfiguration;
			buildSettings = {
				ARCHS = armv7;
				"CODE_SIGN_IDENTITY[sdk=iphoneos*]" = "iPhone Developer";
				DEBUG_INFORMATION_FORMAT = dwarf;
				ENABLE_BITCODE = YES;
				GCC_C_LANGUAGE_STANDARD = c99;
				GCC_ENABLE_CPP_EXCEPTIONS = NO;
				GCC_ENABLE_CPP_RTTI = NO;
				GCC_ENABLE_OBJC_EXCEPTIONS = NO;
				GCC_THUMB_SUPPORT = NO;
				GCC_USE_INDIRECT_FUNCTION_CALLS = YES;
				GCC_WARN_ABOUT_RETURN_TYPE = YES;
				GCC_WARN_UNUSED_VARIABLE = YES;
				ONLY_ACTIVE_ARCH = NO;
				OTHER_LDFLAGS = "";
				SDKROOT = iphoneos;
				SUPPORTED_PLATFORMS = iphoneos;
			};
			name = Debug;
		};
		C01FCF5008A954540054247B /* Release */ = {
			isa = XCBuildConfiguration;
			buildSettings = {
				ARCHS = armv7;
				"CODE_SIGN_IDENTITY[sdk=iphoneos*]" = "iPhone Developer";
				ENABLE_BITCODE = YES;
				GCC_C_LANGUAGE_STANDARD = c99;
				GCC_ENABLE_CPP_EXCEPTIONS = NO;
				GCC_ENABLE_CPP_RTTI = NO;
				GCC_ENABLE_OBJC_EXCEPTIONS = NO;
				GCC_THUMB_SUPPORT = NO;
				GCC_USE_INDIRECT_FUNCTION_CALLS = NO;
				GCC_WARN_ABOUT_RETURN_TYPE = YES;
				GCC_WARN_UNUSED_VARIABLE = YES;
				SDKROOT = iphoneos;
				SUPPORTED_PLATFORMS = iphoneos;
			};
			name = Release;
		};
/* End XCBuildConfiguration section */

/* Begin XCConfigurationList section */
		1D6058960D05DD3E006BFB54 /* Build configuration list for PBXNativeTarget "Unity-iPhone" */ = {
			isa = XCConfigurationList;
			buildConfigurations = (
				1D6058950D05DD3E006BFB54 /* Release */,
				1D6058940D05DD3E006BFB54 /* Debug */,
			);
			defaultConfigurationIsVisible = 0;
			defaultConfigurationName = Release;
		};
		5623C58517FDCB0900090B9E /* Build configuration list for PBXNativeTarget "Unity-iPhone Tests" */ = {
			isa = XCConfigurationList;
			buildConfigurations = (
				5623C58317FDCB0900090B9E /* Release */,
				5623C58417FDCB0900090B9E /* Debug */,
			);
			defaultConfigurationIsVisible = 0;
			defaultConfigurationName = Release;
		};
		C01FCF4E08A954540054247B /* Build configuration list for PBXProject "Unity-iPhone" */ = {
			isa = XCConfigurationList;
			buildConfigurations = (
				C01FCF5008A954540054247B /* Release */,
				C01FCF4F08A954540054247B /* Debug */,
			);
			defaultConfigurationIsVisible = 0;
			defaultConfigurationName = Release;
		};
/* End XCConfigurationList section */
	};
	rootObject = 29B97313FDCFA39411CA2CEA /* Project object */;
}
